// !$*UTF8*$!
{
	archiveVersion = 1;
	classes = {
	};
	objectVersion = 51;
	objects = {

/* Begin PBXBuildFile section */
		5E05AD6C23DB0E8C00E36AD4 /* CALayer+Extension.swift in Sources */ = {isa = PBXBuildFile; fileRef = 5E05AD6B23DB0E8C00E36AD4 /* CALayer+Extension.swift */; };
		5E05AD6E23DB0EB800E36AD4 /* UIViewController+Extension.swift in Sources */ = {isa = PBXBuildFile; fileRef = 5E05AD6D23DB0EB800E36AD4 /* UIViewController+Extension.swift */; };
		5E05AD7023DB0ECE00E36AD4 /* UIColor+Extension.swift in Sources */ = {isa = PBXBuildFile; fileRef = 5E05AD6F23DB0ECE00E36AD4 /* UIColor+Extension.swift */; };
		5E05AD7223DB0EEA00E36AD4 /* UITextView+Extension.swift in Sources */ = {isa = PBXBuildFile; fileRef = 5E05AD7123DB0EEA00E36AD4 /* UITextView+Extension.swift */; };
		5E05AD7423DB0F0200E36AD4 /* UIButton+Extension.swift in Sources */ = {isa = PBXBuildFile; fileRef = 5E05AD7323DB0F0200E36AD4 /* UIButton+Extension.swift */; };
		5E05AD7623DB0F1E00E36AD4 /* UIImageView+Extension.swift in Sources */ = {isa = PBXBuildFile; fileRef = 5E05AD7523DB0F1E00E36AD4 /* UIImageView+Extension.swift */; };
		5E05AD7823DB104600E36AD4 /* UIView+Extension.swift in Sources */ = {isa = PBXBuildFile; fileRef = 5E05AD7723DB104600E36AD4 /* UIView+Extension.swift */; };
		5E05AD7A23DB1AC500E36AD4 /* NetworkResult.swift in Sources */ = {isa = PBXBuildFile; fileRef = 5E05AD7923DB1AC500E36AD4 /* NetworkResult.swift */; };
		5E0E6A6023E7345F00FBC15F /* Date+Extension.swift in Sources */ = {isa = PBXBuildFile; fileRef = 5E0E6A5F23E7345F00FBC15F /* Date+Extension.swift */; };
		5E0E6A6F23E73CC800FBC15F /* Post.storyboard in Resources */ = {isa = PBXBuildFile; fileRef = 5E0E6A6E23E73CC800FBC15F /* Post.storyboard */; };
		5E0E6A7223E73ECE00FBC15F /* PostVC.swift in Sources */ = {isa = PBXBuildFile; fileRef = 5E0E6A7123E73ECE00FBC15F /* PostVC.swift */; };
		5E1752F2242124B900013D55 /* Splash.swift in Sources */ = {isa = PBXBuildFile; fileRef = 5E1752F1242124B900013D55 /* Splash.swift */; };
		5E21443D23C2F8500053CFB9 /* AppDelegate.swift in Sources */ = {isa = PBXBuildFile; fileRef = 5E21443C23C2F8500053CFB9 /* AppDelegate.swift */; };
		5E21443F23C2F8500053CFB9 /* SceneDelegate.swift in Sources */ = {isa = PBXBuildFile; fileRef = 5E21443E23C2F8500053CFB9 /* SceneDelegate.swift */; };
		5E21444623C2F8560053CFB9 /* Assets.xcassets in Resources */ = {isa = PBXBuildFile; fileRef = 5E21444523C2F8560053CFB9 /* Assets.xcassets */; };
		5E21444923C2F8560053CFB9 /* LaunchScreen.storyboard in Resources */ = {isa = PBXBuildFile; fileRef = 5E21444723C2F8560053CFB9 /* LaunchScreen.storyboard */; };
		5E21445A23C2F8E50053CFB9 /* APIConstants.swift in Sources */ = {isa = PBXBuildFile; fileRef = 5E21445923C2F8E50053CFB9 /* APIConstants.swift */; };
		5E21445E23C2F8FC0053CFB9 /* LoadingHUD.swift in Sources */ = {isa = PBXBuildFile; fileRef = 5E21445D23C2F8FC0053CFB9 /* LoadingHUD.swift */; };
		5E2BDCB424038F0300CE99A7 /* SignIn.swift in Sources */ = {isa = PBXBuildFile; fileRef = 5E2BDCB124038F0200CE99A7 /* SignIn.swift */; };
		5E2BDCB524038F0300CE99A7 /* SignUp.swift in Sources */ = {isa = PBXBuildFile; fileRef = 5E2BDCB224038F0300CE99A7 /* SignUp.swift */; };
		5E2BDCB924038F7300CE99A7 /* NoticeService.swift in Sources */ = {isa = PBXBuildFile; fileRef = 5E2BDCB724038F7300CE99A7 /* NoticeService.swift */; };
		5E2BDCBA24038F7300CE99A7 /* UserService.swift in Sources */ = {isa = PBXBuildFile; fileRef = 5E2BDCB824038F7300CE99A7 /* UserService.swift */; };
		5E2BDCBC2403901400CE99A7 /* Notice.swift in Sources */ = {isa = PBXBuildFile; fileRef = 5E2BDCBB2403901400CE99A7 /* Notice.swift */; };
		5E2BDCBF2403903700CE99A7 /* ProflieTableViewCell.swift in Sources */ = {isa = PBXBuildFile; fileRef = 5E2BDCBD2403903700CE99A7 /* ProflieTableViewCell.swift */; };
		5E2BDCC02403903700CE99A7 /* ProflieTableViewCell.xib in Resources */ = {isa = PBXBuildFile; fileRef = 5E2BDCBE2403903700CE99A7 /* ProflieTableViewCell.xib */; };
		5E3560E423EC11E3002B8C87 /* FollowerVC.swift in Sources */ = {isa = PBXBuildFile; fileRef = 5E3560E323EC11E3002B8C87 /* FollowerVC.swift */; };
		5E3560E623EC11F1002B8C87 /* FollowingVC.swift in Sources */ = {isa = PBXBuildFile; fileRef = 5E3560E523EC11F1002B8C87 /* FollowingVC.swift */; };
		5E3560E823EC1634002B8C87 /* SetProfileVC.swift in Sources */ = {isa = PBXBuildFile; fileRef = 5E3560E723EC1634002B8C87 /* SetProfileVC.swift */; };
		5E37CA9C23E9765600C0E2A8 /* PostIMGCVC.swift in Sources */ = {isa = PBXBuildFile; fileRef = 5E37CA9B23E9765600C0E2A8 /* PostIMGCVC.swift */; };
		5E37CA9E23E97B0600C0E2A8 /* TBC.swift in Sources */ = {isa = PBXBuildFile; fileRef = 5E37CA9D23E97B0600C0E2A8 /* TBC.swift */; };
		5E37CAA423E97D3700C0E2A8 /* FindVC.swift in Sources */ = {isa = PBXBuildFile; fileRef = 5E37CAA323E97D3700C0E2A8 /* FindVC.swift */; };
		5E37CAA623E97DC800C0E2A8 /* SignUp.storyboard in Resources */ = {isa = PBXBuildFile; fileRef = 5E37CAA523E97DC800C0E2A8 /* SignUp.storyboard */; };
		5E37CAAA23E97DDA00C0E2A8 /* Find.storyboard in Resources */ = {isa = PBXBuildFile; fileRef = 5E37CAA923E97DDA00C0E2A8 /* Find.storyboard */; };
		5E4203E724631092002B0066 /* NoticeTVC.swift in Sources */ = {isa = PBXBuildFile; fileRef = 5E4203E524631092002B0066 /* NoticeTVC.swift */; };
		5E4203E824631092002B0066 /* NoticeTVC.xib in Resources */ = {isa = PBXBuildFile; fileRef = 5E4203E624631092002B0066 /* NoticeTVC.xib */; };
		5E4A2B3D2450281E00BDFA4B /* PictureCVC.swift in Sources */ = {isa = PBXBuildFile; fileRef = 5E4A2B3C2450281E00BDFA4B /* PictureCVC.swift */; };
		5E6BC49B243B220900F33053 /* DetailHeaderView.xib in Resources */ = {isa = PBXBuildFile; fileRef = 5E6BC49A243B220900F33053 /* DetailHeaderView.xib */; };
		5E6BC49D243B2A1700F33053 /* DetailHeaderView.swift in Sources */ = {isa = PBXBuildFile; fileRef = 5E6BC49C243B2A1700F33053 /* DetailHeaderView.swift */; };
		5E796733244F1DEA0053974F /* Model.swift in Sources */ = {isa = PBXBuildFile; fileRef = 5E796732244F1DEA0053974F /* Model.swift */; };
		5E79C0C223EC5A7000BD2FB3 /* ArticleTVC.swift in Sources */ = {isa = PBXBuildFile; fileRef = 5E79C0C123EC5A7000BD2FB3 /* ArticleTVC.swift */; };
		5E93A7232415720E00C9C811 /* BachelorVC.swift in Sources */ = {isa = PBXBuildFile; fileRef = 5E93A7222415720E00C9C811 /* BachelorVC.swift */; };
		5E93A7252415721F00C9C811 /* ClassVC.swift in Sources */ = {isa = PBXBuildFile; fileRef = 5E93A7242415721F00C9C811 /* ClassVC.swift */; };
		5E93A7272415723200C9C811 /* ExchangeVC.swift in Sources */ = {isa = PBXBuildFile; fileRef = 5E93A7262415723200C9C811 /* ExchangeVC.swift */; };
		5E93A7292415724200C9C811 /* ScholarshipVC.swift in Sources */ = {isa = PBXBuildFile; fileRef = 5E93A7282415724200C9C811 /* ScholarshipVC.swift */; };
		5E93A72B2415725C00C9C811 /* GeneralVC.swift in Sources */ = {isa = PBXBuildFile; fileRef = 5E93A72A2415725C00C9C811 /* GeneralVC.swift */; };
		5E93A72D2415727900C9C811 /* EventVC.swift in Sources */ = {isa = PBXBuildFile; fileRef = 5E93A72C2415727900C9C811 /* EventVC.swift */; };
		5E95CD6423EF30180090C39B /* FollowerTVC.swift in Sources */ = {isa = PBXBuildFile; fileRef = 5E95CD6323EF30180090C39B /* FollowerTVC.swift */; };
		5E95CD6623EF30280090C39B /* FollowingTVC.swift in Sources */ = {isa = PBXBuildFile; fileRef = 5E95CD6523EF30280090C39B /* FollowingTVC.swift */; };
		5E95CD6823EF35280090C39B /* SettingVC.swift in Sources */ = {isa = PBXBuildFile; fileRef = 5E95CD6723EF35280090C39B /* SettingVC.swift */; };
		5E95CD6A23EF36230090C39B /* ToPostVC.swift in Sources */ = {isa = PBXBuildFile; fileRef = 5E95CD6923EF36230090C39B /* ToPostVC.swift */; };
		5EA5C67C23F023DC00BFB32B /* UITableView+Extension.swift in Sources */ = {isa = PBXBuildFile; fileRef = 5EA5C67B23F023DC00BFB32B /* UITableView+Extension.swift */; };
		5EA5C68023F02C9200BFB32B /* String+Extension.swift in Sources */ = {isa = PBXBuildFile; fileRef = 5EA5C67F23F02C9200BFB32B /* String+Extension.swift */; };
		5EA5C68423F146E200BFB32B /* EmailVC.swift in Sources */ = {isa = PBXBuildFile; fileRef = 5EA5C68323F146E200BFB32B /* EmailVC.swift */; };
		5EA5C68623F1470B00BFB32B /* IDVC.swift in Sources */ = {isa = PBXBuildFile; fileRef = 5EA5C68523F1470B00BFB32B /* IDVC.swift */; };
		5EA5C68823F1472200BFB32B /* NameVC.swift in Sources */ = {isa = PBXBuildFile; fileRef = 5EA5C68723F1472200BFB32B /* NameVC.swift */; };
		5EA5C68A23F1475000BFB32B /* PassWordVC.swift in Sources */ = {isa = PBXBuildFile; fileRef = 5EA5C68923F1475000BFB32B /* PassWordVC.swift */; };
		5EC02EC92437298900580194 /* FeedTVC.swift in Sources */ = {isa = PBXBuildFile; fileRef = 5EC02EC72437298900580194 /* FeedTVC.swift */; };
		5EC02ECA2437298900580194 /* FeedTVC.xib in Resources */ = {isa = PBXBuildFile; fileRef = 5EC02EC82437298900580194 /* FeedTVC.xib */; };
		5EC02ECD24372C6D00580194 /* Font.swift in Sources */ = {isa = PBXBuildFile; fileRef = 5EC02ECC24372C6D00580194 /* Font.swift */; };
		5EC02ED02437628200580194 /* Search.storyboard in Resources */ = {isa = PBXBuildFile; fileRef = 5EC02ECF2437628200580194 /* Search.storyboard */; };
		5EC02ED2243765E400580194 /* ProfileTVC.swift in Sources */ = {isa = PBXBuildFile; fileRef = 5EC02ED1243765E400580194 /* ProfileTVC.swift */; };
		5EC02ED4243769DE00580194 /* ProfileTVC.xib in Resources */ = {isa = PBXBuildFile; fileRef = 5EC02ED3243769DE00580194 /* ProfileTVC.xib */; };
		5EC02ED724376B5C00580194 /* SearchVC.swift in Sources */ = {isa = PBXBuildFile; fileRef = 5EC02ED624376B5C00580194 /* SearchVC.swift */; };
		5EC02ED9243775DF00580194 /* SearchResultVC.swift in Sources */ = {isa = PBXBuildFile; fileRef = 5EC02ED8243775DF00580194 /* SearchResultVC.swift */; };
		5ED1558524228E88004DCE02 /* PopUp.storyboard in Resources */ = {isa = PBXBuildFile; fileRef = 5ED1558424228E88004DCE02 /* PopUp.storyboard */; };
		5ED155872423162B004DCE02 /* UITabar.swift in Sources */ = {isa = PBXBuildFile; fileRef = 5ED155862423162B004DCE02 /* UITabar.swift */; };
		5ED3DFB7244C450100B34D20 /* TermsVC.swift in Sources */ = {isa = PBXBuildFile; fileRef = 5ED3DFB6244C450100B34D20 /* TermsVC.swift */; };
		5ED3DFB9244C493000B34D20 /* OurInfoVC.swift in Sources */ = {isa = PBXBuildFile; fileRef = 5ED3DFB8244C493000B34D20 /* OurInfoVC.swift */; };
		5ED3DFBB244C4A3F00B34D20 /* OurInfoTVC.swift in Sources */ = {isa = PBXBuildFile; fileRef = 5ED3DFBA244C4A3F00B34D20 /* OurInfoTVC.swift */; };
		5ED93D76242A7A1F00CE6D3F /* PictureVC.swift in Sources */ = {isa = PBXBuildFile; fileRef = 5ED93D75242A7A1F00CE6D3F /* PictureVC.swift */; };
		5ED93D78242A7A3400CE6D3F /* PopUpVC.swift in Sources */ = {isa = PBXBuildFile; fileRef = 5ED93D77242A7A3400CE6D3F /* PopUpVC.swift */; };
		9BAC66A7C5A62E83BF84D416 /* Pods_Nutee.framework in Frameworks */ = {isa = PBXBuildFile; fileRef = E5915003F64084812BCF9F67 /* Pods_Nutee.framework */; };
		D519843E23E32418001AB351 /* NewsFeed.storyboard in Resources */ = {isa = PBXBuildFile; fileRef = D519843C23E32418001AB351 /* NewsFeed.storyboard */; };
		D519843F23E32418001AB351 /* DetailNewsFeed.storyboard in Resources */ = {isa = PBXBuildFile; fileRef = D519843D23E32418001AB351 /* DetailNewsFeed.storyboard */; };
		D519844523E325EE001AB351 /* DetailNewsFeedVC.swift in Sources */ = {isa = PBXBuildFile; fileRef = D519844423E325EE001AB351 /* DetailNewsFeedVC.swift */; };
		D53CB44F240B995400DDA17A /* NewsPostsContent.swift in Sources */ = {isa = PBXBuildFile; fileRef = D53CB44E240B995400DDA17A /* NewsPostsContent.swift */; };
		D53F61F82403C3F200C8EE38 /* PostContent.swift in Sources */ = {isa = PBXBuildFile; fileRef = D53F61F72403C3F200C8EE38 /* PostContent.swift */; };
		D53F61FA2403C5E200C8EE38 /* ContentService.swift in Sources */ = {isa = PBXBuildFile; fileRef = D53F61F92403C5E200C8EE38 /* ContentService.swift */; };
		D55E94EF240A92F6009F738C /* UserPostContent.swift in Sources */ = {isa = PBXBuildFile; fileRef = D55E94EE240A92F6009F738C /* UserPostContent.swift */; };
		D597189E23CEA79100117906 /* NoticeBoardVC.swift in Sources */ = {isa = PBXBuildFile; fileRef = D597189D23CEA79100117906 /* NoticeBoardVC.swift */; };
		D59718A223CEA96700117906 /* NewsFeedCell.swift in Sources */ = {isa = PBXBuildFile; fileRef = D59718A123CEA96700117906 /* NewsFeedCell.swift */; };
		D59718A923CEA98400117906 /* NewsFeedVC.swift in Sources */ = {isa = PBXBuildFile; fileRef = D59718A323CEA98300117906 /* NewsFeedVC.swift */; };
		D59718AA23CEA98400117906 /* ProfileVC.swift in Sources */ = {isa = PBXBuildFile; fileRef = D59718A423CEA98300117906 /* ProfileVC.swift */; };
		D59718AB23CEA98400117906 /* LoginVC.swift in Sources */ = {isa = PBXBuildFile; fileRef = D59718A523CEA98300117906 /* LoginVC.swift */; };
		D59718B523CEA9DA00117906 /* Login.storyboard in Resources */ = {isa = PBXBuildFile; fileRef = D59718B023CEA9D900117906 /* Login.storyboard */; };
		D59718B623CEA9DA00117906 /* NoticeBoard.storyboard in Resources */ = {isa = PBXBuildFile; fileRef = D59718B123CEA9DA00117906 /* NoticeBoard.storyboard */; };
		D59718B723CEA9DA00117906 /* Profile.storyboard in Resources */ = {isa = PBXBuildFile; fileRef = D59718B223CEA9DA00117906 /* Profile.storyboard */; };
		D5DAA88F23E7EF2E0052E17B /* ReplyCell.swift in Sources */ = {isa = PBXBuildFile; fileRef = D5DAA88C23E7EF2E0052E17B /* ReplyCell.swift */; };
		D5DAA89023E7EF2E0052E17B /* HeaderNewsFeedView.swift in Sources */ = {isa = PBXBuildFile; fileRef = D5DAA88D23E7EF2E0052E17B /* HeaderNewsFeedView.swift */; };
		D5DAA89423E7F0C70052E17B /* HeaderNewsFeedView.xib in Resources */ = {isa = PBXBuildFile; fileRef = D5DAA89223E7F0C60052E17B /* HeaderNewsFeedView.xib */; };
		D5EBD78423CFE69F00C2B7F5 /* Main.storyboard in Resources */ = {isa = PBXBuildFile; fileRef = D5EBD78323CFE69F00C2B7F5 /* Main.storyboard */; };
		D5F651CF2407B46500263A34 /* FollowService.swift in Sources */ = {isa = PBXBuildFile; fileRef = D5F651CE2407B46500263A34 /* FollowService.swift */; };
		D5F651D12407DF4C00263A34 /* FollowList.swift in Sources */ = {isa = PBXBuildFile; fileRef = D5F651D02407DF4C00263A34 /* FollowList.swift */; };
/* End PBXBuildFile section */

/* Begin PBXCopyFilesBuildPhase section */
		D5DAC67623F42BB200226F20 /* Embed Frameworks */ = {
			isa = PBXCopyFilesBuildPhase;
			buildActionMask = 2147483647;
			dstPath = "";
			dstSubfolderSpec = 10;
			files = (
			);
			name = "Embed Frameworks";
			runOnlyForDeploymentPostprocessing = 0;
		};
		D5DAC67723F42C8500226F20 /* CopyFiles */ = {
			isa = PBXCopyFilesBuildPhase;
			buildActionMask = 2147483647;
			dstPath = "";
			dstSubfolderSpec = 10;
			files = (
			);
			runOnlyForDeploymentPostprocessing = 0;
		};
/* End PBXCopyFilesBuildPhase section */

/* Begin PBXFileReference section */
		116AAE76128036EFDBA4D11C /* Pods-Nutee.debug.xcconfig */ = {isa = PBXFileReference; includeInIndex = 1; lastKnownFileType = text.xcconfig; name = "Pods-Nutee.debug.xcconfig"; path = "Target Support Files/Pods-Nutee/Pods-Nutee.debug.xcconfig"; sourceTree = "<group>"; };
		5E05AD6B23DB0E8C00E36AD4 /* CALayer+Extension.swift */ = {isa = PBXFileReference; lastKnownFileType = sourcecode.swift; path = "CALayer+Extension.swift"; sourceTree = "<group>"; };
		5E05AD6D23DB0EB800E36AD4 /* UIViewController+Extension.swift */ = {isa = PBXFileReference; lastKnownFileType = sourcecode.swift; path = "UIViewController+Extension.swift"; sourceTree = "<group>"; };
		5E05AD6F23DB0ECE00E36AD4 /* UIColor+Extension.swift */ = {isa = PBXFileReference; lastKnownFileType = sourcecode.swift; path = "UIColor+Extension.swift"; sourceTree = "<group>"; };
		5E05AD7123DB0EEA00E36AD4 /* UITextView+Extension.swift */ = {isa = PBXFileReference; lastKnownFileType = sourcecode.swift; path = "UITextView+Extension.swift"; sourceTree = "<group>"; };
		5E05AD7323DB0F0200E36AD4 /* UIButton+Extension.swift */ = {isa = PBXFileReference; lastKnownFileType = sourcecode.swift; path = "UIButton+Extension.swift"; sourceTree = "<group>"; };
		5E05AD7523DB0F1E00E36AD4 /* UIImageView+Extension.swift */ = {isa = PBXFileReference; lastKnownFileType = sourcecode.swift; path = "UIImageView+Extension.swift"; sourceTree = "<group>"; };
		5E05AD7723DB104600E36AD4 /* UIView+Extension.swift */ = {isa = PBXFileReference; lastKnownFileType = sourcecode.swift; path = "UIView+Extension.swift"; sourceTree = "<group>"; };
		5E05AD7923DB1AC500E36AD4 /* NetworkResult.swift */ = {isa = PBXFileReference; lastKnownFileType = sourcecode.swift; path = NetworkResult.swift; sourceTree = "<group>"; };
		5E0E6A5F23E7345F00FBC15F /* Date+Extension.swift */ = {isa = PBXFileReference; lastKnownFileType = sourcecode.swift; path = "Date+Extension.swift"; sourceTree = "<group>"; };
		5E0E6A6E23E73CC800FBC15F /* Post.storyboard */ = {isa = PBXFileReference; lastKnownFileType = file.storyboard; path = Post.storyboard; sourceTree = "<group>"; };
		5E0E6A7123E73ECE00FBC15F /* PostVC.swift */ = {isa = PBXFileReference; lastKnownFileType = sourcecode.swift; path = PostVC.swift; sourceTree = "<group>"; };
		5E1752F1242124B900013D55 /* Splash.swift */ = {isa = PBXFileReference; lastKnownFileType = sourcecode.swift; path = Splash.swift; sourceTree = "<group>"; };
		5E21443923C2F8500053CFB9 /* NUTEE.app */ = {isa = PBXFileReference; explicitFileType = wrapper.application; includeInIndex = 0; path = NUTEE.app; sourceTree = BUILT_PRODUCTS_DIR; };
		5E21443C23C2F8500053CFB9 /* AppDelegate.swift */ = {isa = PBXFileReference; lastKnownFileType = sourcecode.swift; path = AppDelegate.swift; sourceTree = "<group>"; };
		5E21443E23C2F8500053CFB9 /* SceneDelegate.swift */ = {isa = PBXFileReference; lastKnownFileType = sourcecode.swift; path = SceneDelegate.swift; sourceTree = "<group>"; };
		5E21444523C2F8560053CFB9 /* Assets.xcassets */ = {isa = PBXFileReference; lastKnownFileType = folder.assetcatalog; path = Assets.xcassets; sourceTree = "<group>"; };
		5E21444823C2F8560053CFB9 /* Base */ = {isa = PBXFileReference; lastKnownFileType = file.storyboard; name = Base; path = Base.lproj/LaunchScreen.storyboard; sourceTree = "<group>"; };
		5E21444A23C2F8560053CFB9 /* Info.plist */ = {isa = PBXFileReference; lastKnownFileType = text.plist.xml; path = Info.plist; sourceTree = "<group>"; };
		5E21445923C2F8E50053CFB9 /* APIConstants.swift */ = {isa = PBXFileReference; lastKnownFileType = sourcecode.swift; path = APIConstants.swift; sourceTree = "<group>"; };
		5E21445D23C2F8FC0053CFB9 /* LoadingHUD.swift */ = {isa = PBXFileReference; lastKnownFileType = sourcecode.swift; path = LoadingHUD.swift; sourceTree = "<group>"; };
		5E2BDCB124038F0200CE99A7 /* SignIn.swift */ = {isa = PBXFileReference; fileEncoding = 4; lastKnownFileType = sourcecode.swift; path = SignIn.swift; sourceTree = "<group>"; };
		5E2BDCB224038F0300CE99A7 /* SignUp.swift */ = {isa = PBXFileReference; fileEncoding = 4; lastKnownFileType = sourcecode.swift; path = SignUp.swift; sourceTree = "<group>"; };
		5E2BDCB724038F7300CE99A7 /* NoticeService.swift */ = {isa = PBXFileReference; fileEncoding = 4; lastKnownFileType = sourcecode.swift; path = NoticeService.swift; sourceTree = "<group>"; };
		5E2BDCB824038F7300CE99A7 /* UserService.swift */ = {isa = PBXFileReference; fileEncoding = 4; lastKnownFileType = sourcecode.swift; path = UserService.swift; sourceTree = "<group>"; };
		5E2BDCBB2403901400CE99A7 /* Notice.swift */ = {isa = PBXFileReference; fileEncoding = 4; lastKnownFileType = sourcecode.swift; path = Notice.swift; sourceTree = "<group>"; };
		5E2BDCBD2403903700CE99A7 /* ProflieTableViewCell.swift */ = {isa = PBXFileReference; fileEncoding = 4; lastKnownFileType = sourcecode.swift; path = ProflieTableViewCell.swift; sourceTree = "<group>"; };
		5E2BDCBE2403903700CE99A7 /* ProflieTableViewCell.xib */ = {isa = PBXFileReference; fileEncoding = 4; lastKnownFileType = file.xib; path = ProflieTableViewCell.xib; sourceTree = "<group>"; };
		5E3560E323EC11E3002B8C87 /* FollowerVC.swift */ = {isa = PBXFileReference; lastKnownFileType = sourcecode.swift; path = FollowerVC.swift; sourceTree = "<group>"; };
		5E3560E523EC11F1002B8C87 /* FollowingVC.swift */ = {isa = PBXFileReference; lastKnownFileType = sourcecode.swift; path = FollowingVC.swift; sourceTree = "<group>"; };
		5E3560E723EC1634002B8C87 /* SetProfileVC.swift */ = {isa = PBXFileReference; lastKnownFileType = sourcecode.swift; path = SetProfileVC.swift; sourceTree = "<group>"; };
		5E37CA9B23E9765600C0E2A8 /* PostIMGCVC.swift */ = {isa = PBXFileReference; lastKnownFileType = sourcecode.swift; path = PostIMGCVC.swift; sourceTree = "<group>"; };
		5E37CA9D23E97B0600C0E2A8 /* TBC.swift */ = {isa = PBXFileReference; lastKnownFileType = sourcecode.swift; path = TBC.swift; sourceTree = "<group>"; };
		5E37CAA323E97D3700C0E2A8 /* FindVC.swift */ = {isa = PBXFileReference; lastKnownFileType = sourcecode.swift; path = FindVC.swift; sourceTree = "<group>"; };
		5E37CAA523E97DC800C0E2A8 /* SignUp.storyboard */ = {isa = PBXFileReference; lastKnownFileType = file.storyboard; path = SignUp.storyboard; sourceTree = "<group>"; };
		5E37CAA923E97DDA00C0E2A8 /* Find.storyboard */ = {isa = PBXFileReference; lastKnownFileType = file.storyboard; path = Find.storyboard; sourceTree = "<group>"; };
		5E4203E524631092002B0066 /* NoticeTVC.swift */ = {isa = PBXFileReference; lastKnownFileType = sourcecode.swift; path = NoticeTVC.swift; sourceTree = "<group>"; };
		5E4203E624631092002B0066 /* NoticeTVC.xib */ = {isa = PBXFileReference; lastKnownFileType = file.xib; path = NoticeTVC.xib; sourceTree = "<group>"; };
		5E4A2B3C2450281E00BDFA4B /* PictureCVC.swift */ = {isa = PBXFileReference; lastKnownFileType = sourcecode.swift; path = PictureCVC.swift; sourceTree = "<group>"; };
		5E6BC49A243B220900F33053 /* DetailHeaderView.xib */ = {isa = PBXFileReference; lastKnownFileType = file.xib; path = DetailHeaderView.xib; sourceTree = "<group>"; };
		5E6BC49C243B2A1700F33053 /* DetailHeaderView.swift */ = {isa = PBXFileReference; lastKnownFileType = sourcecode.swift; path = DetailHeaderView.swift; sourceTree = "<group>"; };
		5E796732244F1DEA0053974F /* Model.swift */ = {isa = PBXFileReference; lastKnownFileType = sourcecode.swift; path = Model.swift; sourceTree = "<group>"; };
		5E79C0C123EC5A7000BD2FB3 /* ArticleTVC.swift */ = {isa = PBXFileReference; lastKnownFileType = sourcecode.swift; path = ArticleTVC.swift; sourceTree = "<group>"; };
		5E93A7222415720E00C9C811 /* BachelorVC.swift */ = {isa = PBXFileReference; lastKnownFileType = sourcecode.swift; path = BachelorVC.swift; sourceTree = "<group>"; };
		5E93A7242415721F00C9C811 /* ClassVC.swift */ = {isa = PBXFileReference; lastKnownFileType = sourcecode.swift; path = ClassVC.swift; sourceTree = "<group>"; };
		5E93A7262415723200C9C811 /* ExchangeVC.swift */ = {isa = PBXFileReference; lastKnownFileType = sourcecode.swift; path = ExchangeVC.swift; sourceTree = "<group>"; };
		5E93A7282415724200C9C811 /* ScholarshipVC.swift */ = {isa = PBXFileReference; lastKnownFileType = sourcecode.swift; path = ScholarshipVC.swift; sourceTree = "<group>"; };
		5E93A72A2415725C00C9C811 /* GeneralVC.swift */ = {isa = PBXFileReference; lastKnownFileType = sourcecode.swift; path = GeneralVC.swift; sourceTree = "<group>"; };
		5E93A72C2415727900C9C811 /* EventVC.swift */ = {isa = PBXFileReference; lastKnownFileType = sourcecode.swift; path = EventVC.swift; sourceTree = "<group>"; };
		5E95CD6323EF30180090C39B /* FollowerTVC.swift */ = {isa = PBXFileReference; lastKnownFileType = sourcecode.swift; path = FollowerTVC.swift; sourceTree = "<group>"; };
		5E95CD6523EF30280090C39B /* FollowingTVC.swift */ = {isa = PBXFileReference; lastKnownFileType = sourcecode.swift; path = FollowingTVC.swift; sourceTree = "<group>"; };
		5E95CD6723EF35280090C39B /* SettingVC.swift */ = {isa = PBXFileReference; lastKnownFileType = sourcecode.swift; path = SettingVC.swift; sourceTree = "<group>"; };
		5E95CD6923EF36230090C39B /* ToPostVC.swift */ = {isa = PBXFileReference; lastKnownFileType = sourcecode.swift; path = ToPostVC.swift; sourceTree = "<group>"; };
		5EA5C67B23F023DC00BFB32B /* UITableView+Extension.swift */ = {isa = PBXFileReference; lastKnownFileType = sourcecode.swift; path = "UITableView+Extension.swift"; sourceTree = "<group>"; };
		5EA5C67F23F02C9200BFB32B /* String+Extension.swift */ = {isa = PBXFileReference; lastKnownFileType = sourcecode.swift; path = "String+Extension.swift"; sourceTree = "<group>"; };
		5EA5C68323F146E200BFB32B /* EmailVC.swift */ = {isa = PBXFileReference; lastKnownFileType = sourcecode.swift; path = EmailVC.swift; sourceTree = "<group>"; };
		5EA5C68523F1470B00BFB32B /* IDVC.swift */ = {isa = PBXFileReference; lastKnownFileType = sourcecode.swift; path = IDVC.swift; sourceTree = "<group>"; };
		5EA5C68723F1472200BFB32B /* NameVC.swift */ = {isa = PBXFileReference; lastKnownFileType = sourcecode.swift; path = NameVC.swift; sourceTree = "<group>"; };
		5EA5C68923F1475000BFB32B /* PassWordVC.swift */ = {isa = PBXFileReference; lastKnownFileType = sourcecode.swift; path = PassWordVC.swift; sourceTree = "<group>"; };
		5EC02EC72437298900580194 /* FeedTVC.swift */ = {isa = PBXFileReference; lastKnownFileType = sourcecode.swift; path = FeedTVC.swift; sourceTree = "<group>"; };
		5EC02EC82437298900580194 /* FeedTVC.xib */ = {isa = PBXFileReference; lastKnownFileType = file.xib; path = FeedTVC.xib; sourceTree = "<group>"; };
		5EC02ECC24372C6D00580194 /* Font.swift */ = {isa = PBXFileReference; lastKnownFileType = sourcecode.swift; path = Font.swift; sourceTree = "<group>"; };
		5EC02ECF2437628200580194 /* Search.storyboard */ = {isa = PBXFileReference; lastKnownFileType = file.storyboard; path = Search.storyboard; sourceTree = "<group>"; };
		5EC02ED1243765E400580194 /* ProfileTVC.swift */ = {isa = PBXFileReference; lastKnownFileType = sourcecode.swift; path = ProfileTVC.swift; sourceTree = "<group>"; };
		5EC02ED3243769DE00580194 /* ProfileTVC.xib */ = {isa = PBXFileReference; lastKnownFileType = file.xib; path = ProfileTVC.xib; sourceTree = "<group>"; };
		5EC02ED624376B5C00580194 /* SearchVC.swift */ = {isa = PBXFileReference; lastKnownFileType = sourcecode.swift; path = SearchVC.swift; sourceTree = "<group>"; };
		5EC02ED8243775DF00580194 /* SearchResultVC.swift */ = {isa = PBXFileReference; lastKnownFileType = sourcecode.swift; path = SearchResultVC.swift; sourceTree = "<group>"; };
		5ED1558424228E88004DCE02 /* PopUp.storyboard */ = {isa = PBXFileReference; lastKnownFileType = file.storyboard; path = PopUp.storyboard; sourceTree = "<group>"; };
		5ED155862423162B004DCE02 /* UITabar.swift */ = {isa = PBXFileReference; lastKnownFileType = sourcecode.swift; path = UITabar.swift; sourceTree = "<group>"; };
		5ED3DFB6244C450100B34D20 /* TermsVC.swift */ = {isa = PBXFileReference; lastKnownFileType = sourcecode.swift; path = TermsVC.swift; sourceTree = "<group>"; };
		5ED3DFB8244C493000B34D20 /* OurInfoVC.swift */ = {isa = PBXFileReference; lastKnownFileType = sourcecode.swift; path = OurInfoVC.swift; sourceTree = "<group>"; };
		5ED3DFBA244C4A3F00B34D20 /* OurInfoTVC.swift */ = {isa = PBXFileReference; lastKnownFileType = sourcecode.swift; path = OurInfoTVC.swift; sourceTree = "<group>"; };
		5ED93D75242A7A1F00CE6D3F /* PictureVC.swift */ = {isa = PBXFileReference; lastKnownFileType = sourcecode.swift; path = PictureVC.swift; sourceTree = "<group>"; };
		5ED93D77242A7A3400CE6D3F /* PopUpVC.swift */ = {isa = PBXFileReference; lastKnownFileType = sourcecode.swift; path = PopUpVC.swift; sourceTree = "<group>"; };
		D519843C23E32418001AB351 /* NewsFeed.storyboard */ = {isa = PBXFileReference; fileEncoding = 4; lastKnownFileType = file.storyboard; path = NewsFeed.storyboard; sourceTree = "<group>"; };
		D519843D23E32418001AB351 /* DetailNewsFeed.storyboard */ = {isa = PBXFileReference; fileEncoding = 4; lastKnownFileType = file.storyboard; path = DetailNewsFeed.storyboard; sourceTree = "<group>"; };
		D519844423E325EE001AB351 /* DetailNewsFeedVC.swift */ = {isa = PBXFileReference; lastKnownFileType = sourcecode.swift; path = DetailNewsFeedVC.swift; sourceTree = "<group>"; };
		D53CB44E240B995400DDA17A /* NewsPostsContent.swift */ = {isa = PBXFileReference; lastKnownFileType = sourcecode.swift; path = NewsPostsContent.swift; sourceTree = "<group>"; };
		D53F61F72403C3F200C8EE38 /* PostContent.swift */ = {isa = PBXFileReference; lastKnownFileType = sourcecode.swift; path = PostContent.swift; sourceTree = "<group>"; };
		D53F61F92403C5E200C8EE38 /* ContentService.swift */ = {isa = PBXFileReference; lastKnownFileType = sourcecode.swift; path = ContentService.swift; sourceTree = "<group>"; };
		D55E94EE240A92F6009F738C /* UserPostContent.swift */ = {isa = PBXFileReference; lastKnownFileType = sourcecode.swift; path = UserPostContent.swift; sourceTree = "<group>"; };
		D597189D23CEA79100117906 /* NoticeBoardVC.swift */ = {isa = PBXFileReference; fileEncoding = 4; lastKnownFileType = sourcecode.swift; path = NoticeBoardVC.swift; sourceTree = "<group>"; };
		D59718A123CEA96700117906 /* NewsFeedCell.swift */ = {isa = PBXFileReference; fileEncoding = 4; lastKnownFileType = sourcecode.swift; path = NewsFeedCell.swift; sourceTree = "<group>"; };
		D59718A323CEA98300117906 /* NewsFeedVC.swift */ = {isa = PBXFileReference; fileEncoding = 4; lastKnownFileType = sourcecode.swift; path = NewsFeedVC.swift; sourceTree = "<group>"; };
		D59718A423CEA98300117906 /* ProfileVC.swift */ = {isa = PBXFileReference; fileEncoding = 4; lastKnownFileType = sourcecode.swift; path = ProfileVC.swift; sourceTree = "<group>"; };
		D59718A523CEA98300117906 /* LoginVC.swift */ = {isa = PBXFileReference; fileEncoding = 4; lastKnownFileType = sourcecode.swift; path = LoginVC.swift; sourceTree = "<group>"; };
		D59718B023CEA9D900117906 /* Login.storyboard */ = {isa = PBXFileReference; fileEncoding = 4; lastKnownFileType = file.storyboard; path = Login.storyboard; sourceTree = "<group>"; };
		D59718B123CEA9DA00117906 /* NoticeBoard.storyboard */ = {isa = PBXFileReference; fileEncoding = 4; lastKnownFileType = file.storyboard; path = NoticeBoard.storyboard; sourceTree = "<group>"; };
		D59718B223CEA9DA00117906 /* Profile.storyboard */ = {isa = PBXFileReference; fileEncoding = 4; lastKnownFileType = file.storyboard; path = Profile.storyboard; sourceTree = "<group>"; };
		D5DAA88C23E7EF2E0052E17B /* ReplyCell.swift */ = {isa = PBXFileReference; fileEncoding = 4; lastKnownFileType = sourcecode.swift; path = ReplyCell.swift; sourceTree = "<group>"; };
		D5DAA88D23E7EF2E0052E17B /* HeaderNewsFeedView.swift */ = {isa = PBXFileReference; fileEncoding = 4; lastKnownFileType = sourcecode.swift; path = HeaderNewsFeedView.swift; sourceTree = "<group>"; };
		D5DAA89223E7F0C60052E17B /* HeaderNewsFeedView.xib */ = {isa = PBXFileReference; fileEncoding = 4; lastKnownFileType = file.xib; path = HeaderNewsFeedView.xib; sourceTree = "<group>"; };
		D5EBD78323CFE69F00C2B7F5 /* Main.storyboard */ = {isa = PBXFileReference; lastKnownFileType = file.storyboard; path = Main.storyboard; sourceTree = "<group>"; };
		D5F651CE2407B46500263A34 /* FollowService.swift */ = {isa = PBXFileReference; lastKnownFileType = sourcecode.swift; path = FollowService.swift; sourceTree = "<group>"; };
		D5F651D02407DF4C00263A34 /* FollowList.swift */ = {isa = PBXFileReference; lastKnownFileType = sourcecode.swift; path = FollowList.swift; sourceTree = "<group>"; };
		E5915003F64084812BCF9F67 /* Pods_Nutee.framework */ = {isa = PBXFileReference; explicitFileType = wrapper.framework; includeInIndex = 0; path = Pods_Nutee.framework; sourceTree = BUILT_PRODUCTS_DIR; };
		EBCC5FADFAEF6F7815A56200 /* Pods-Nutee.release.xcconfig */ = {isa = PBXFileReference; includeInIndex = 1; lastKnownFileType = text.xcconfig; name = "Pods-Nutee.release.xcconfig"; path = "Target Support Files/Pods-Nutee/Pods-Nutee.release.xcconfig"; sourceTree = "<group>"; };
/* End PBXFileReference section */

/* Begin PBXFrameworksBuildPhase section */
		5E21443623C2F8500053CFB9 /* Frameworks */ = {
			isa = PBXFrameworksBuildPhase;
			buildActionMask = 2147483647;
			files = (
				9BAC66A7C5A62E83BF84D416 /* Pods_Nutee.framework in Frameworks */,
			);
			runOnlyForDeploymentPostprocessing = 0;
		};
/* End PBXFrameworksBuildPhase section */

/* Begin PBXGroup section */
		5E0E6A6523E734D600FBC15F /* Login */ = {
			isa = PBXGroup;
			children = (
				5EA5C68123F146BE00BFB32B /* SignUp */,
				D59718A523CEA98300117906 /* LoginVC.swift */,
				5E37CAA323E97D3700C0E2A8 /* FindVC.swift */,
			);
			path = Login;
			sourceTree = "<group>";
		};
		5E0E6A6623E7381300FBC15F /* Notice */ = {
			isa = PBXGroup;
			children = (
				5E93A721241571F500C9C811 /* NoticeView */,
				D597189D23CEA79100117906 /* NoticeBoardVC.swift */,
			);
			path = Notice;
			sourceTree = "<group>";
		};
		5E0E6A6923E73C2700FBC15F /* Notice */ = {
			isa = PBXGroup;
			children = (
				D59718B123CEA9DA00117906 /* NoticeBoard.storyboard */,
			);
			path = Notice;
			sourceTree = "<group>";
		};
		5E0E6A6B23E73C3200FBC15F /* Profile */ = {
			isa = PBXGroup;
			children = (
				D59718B223CEA9DA00117906 /* Profile.storyboard */,
			);
			path = Profile;
			sourceTree = "<group>";
		};
		5E0E6A6C23E73C3B00FBC15F /* Login */ = {
			isa = PBXGroup;
			children = (
				D59718B023CEA9D900117906 /* Login.storyboard */,
				5E37CAA523E97DC800C0E2A8 /* SignUp.storyboard */,
				5E37CAA923E97DDA00C0E2A8 /* Find.storyboard */,
			);
			path = Login;
			sourceTree = "<group>";
		};
		5E0E6A6D23E73CBD00FBC15F /* Post */ = {
			isa = PBXGroup;
			children = (
				5E0E6A6E23E73CC800FBC15F /* Post.storyboard */,
			);
			path = Post;
			sourceTree = "<group>";
		};
		5E0E6A7023E73EA500FBC15F /* Post */ = {
			isa = PBXGroup;
			children = (
				5E0E6A7123E73ECE00FBC15F /* PostVC.swift */,
				5E37CA9B23E9765600C0E2A8 /* PostIMGCVC.swift */,
				5E95CD6923EF36230090C39B /* ToPostVC.swift */,
			);
			path = Post;
			sourceTree = "<group>";
		};
		5E21443023C2F8500053CFB9 = {
			isa = PBXGroup;
			children = (
				5E21443B23C2F8500053CFB9 /* Nutee */,
				5E21443A23C2F8500053CFB9 /* Products */,
				67B0C5227CABA343A88C01B5 /* Pods */,
				97168F4A04CA7D3123636409 /* Frameworks */,
			);
			sourceTree = "<group>";
		};
		5E21443A23C2F8500053CFB9 /* Products */ = {
			isa = PBXGroup;
			children = (
				5E21443923C2F8500053CFB9 /* NUTEE.app */,
			);
			name = Products;
			sourceTree = "<group>";
		};
		5E21443B23C2F8500053CFB9 /* Nutee */ = {
			isa = PBXGroup;
			children = (
				5E21445223C2F8660053CFB9 /* Supporting Files */,
				5E21445123C2F8630053CFB9 /* Source */,
				5E21445023C2F85C0053CFB9 /* Resource */,
			);
			path = Nutee;
			sourceTree = "<group>";
		};
		5E21445023C2F85C0053CFB9 /* Resource */ = {
			isa = PBXGroup;
			children = (
				5E21446323C2F9B30053CFB9 /* Storyboard */,
				5E21444523C2F8560053CFB9 /* Assets.xcassets */,
				5E21444723C2F8560053CFB9 /* LaunchScreen.storyboard */,
			);
			path = Resource;
			sourceTree = "<group>";
		};
		5E21445123C2F8630053CFB9 /* Source */ = {
			isa = PBXGroup;
			children = (
				5EC02ECB24372C4600580194 /* Enum */,
				5E21445823C2F8D80053CFB9 /* Service */,
				5E21445523C2F8920053CFB9 /* Extensions */,
				5E21445623C2F8A00053CFB9 /* Utils */,
				5E21445723C2F8A60053CFB9 /* Model */,
				5E21445323C2F8870053CFB9 /* ViewControllers */,
			);
			path = Source;
			sourceTree = "<group>";
		};
		5E21445223C2F8660053CFB9 /* Supporting Files */ = {
			isa = PBXGroup;
			children = (
				5E21443C23C2F8500053CFB9 /* AppDelegate.swift */,
				5E21443E23C2F8500053CFB9 /* SceneDelegate.swift */,
				5E21444A23C2F8560053CFB9 /* Info.plist */,
			);
			path = "Supporting Files";
			sourceTree = "<group>";
		};
		5E21445323C2F8870053CFB9 /* ViewControllers */ = {
			isa = PBXGroup;
			children = (
				5EC02ED524376B4100580194 /* Search */,
				5E37CAAB23E9866D00C0E2A8 /* Profile */,
				5E0E6A7023E73EA500FBC15F /* Post */,
				5E0E6A6623E7381300FBC15F /* Notice */,
				5E0E6A6523E734D600FBC15F /* Login */,
				D519844323E325C2001AB351 /* NewsFeed */,
				5E37CA9D23E97B0600C0E2A8 /* TBC.swift */,
			);
			path = ViewControllers;
			sourceTree = "<group>";
		};
		5E21445523C2F8920053CFB9 /* Extensions */ = {
			isa = PBXGroup;
			children = (
				5E05AD6B23DB0E8C00E36AD4 /* CALayer+Extension.swift */,
				5E05AD6D23DB0EB800E36AD4 /* UIViewController+Extension.swift */,
				5E05AD6F23DB0ECE00E36AD4 /* UIColor+Extension.swift */,
				5E05AD7123DB0EEA00E36AD4 /* UITextView+Extension.swift */,
				5E05AD7323DB0F0200E36AD4 /* UIButton+Extension.swift */,
				5E05AD7523DB0F1E00E36AD4 /* UIImageView+Extension.swift */,
				5E05AD7723DB104600E36AD4 /* UIView+Extension.swift */,
				5E0E6A5F23E7345F00FBC15F /* Date+Extension.swift */,
				5EA5C67B23F023DC00BFB32B /* UITableView+Extension.swift */,
				5EA5C67F23F02C9200BFB32B /* String+Extension.swift */,
				5ED155862423162B004DCE02 /* UITabar.swift */,
			);
			path = Extensions;
			sourceTree = "<group>";
		};
		5E21445623C2F8A00053CFB9 /* Utils */ = {
			isa = PBXGroup;
			children = (
				5E21445D23C2F8FC0053CFB9 /* LoadingHUD.swift */,
				5E1752F1242124B900013D55 /* Splash.swift */,
			);
			path = Utils;
			sourceTree = "<group>";
		};
		5E21445723C2F8A60053CFB9 /* Model */ = {
			isa = PBXGroup;
			children = (
				5E2BDCBB2403901400CE99A7 /* Notice.swift */,
				5E2BDCB124038F0200CE99A7 /* SignIn.swift */,
				5E2BDCB224038F0300CE99A7 /* SignUp.swift */,
				D53F61F72403C3F200C8EE38 /* PostContent.swift */,
				D53CB44E240B995400DDA17A /* NewsPostsContent.swift */,
				D5F651D02407DF4C00263A34 /* FollowList.swift */,
				D55E94EE240A92F6009F738C /* UserPostContent.swift */,
				5E796732244F1DEA0053974F /* Model.swift */,
			);
			path = Model;
			sourceTree = "<group>";
		};
		5E21445823C2F8D80053CFB9 /* Service */ = {
			isa = PBXGroup;
			children = (
				5E21445923C2F8E50053CFB9 /* APIConstants.swift */,
				5E05AD7923DB1AC500E36AD4 /* NetworkResult.swift */,
				5E2BDCB724038F7300CE99A7 /* NoticeService.swift */,
				5E2BDCB824038F7300CE99A7 /* UserService.swift */,
				D53F61F92403C5E200C8EE38 /* ContentService.swift */,
				D5F651CE2407B46500263A34 /* FollowService.swift */,
			);
			path = Service;
			sourceTree = "<group>";
		};
		5E21446323C2F9B30053CFB9 /* Storyboard */ = {
			isa = PBXGroup;
			children = (
				5EC02ECE2437626600580194 /* Search */,
				5E79C0C323EC6AB400BD2FB3 /* Util */,
				5E0E6A6D23E73CBD00FBC15F /* Post */,
				5E0E6A6C23E73C3B00FBC15F /* Login */,
				5E0E6A6B23E73C3200FBC15F /* Profile */,
				5E0E6A6923E73C2700FBC15F /* Notice */,
				D519843B23E32402001AB351 /* NewsFeed */,
				D5EBD78323CFE69F00C2B7F5 /* Main.storyboard */,
			);
			path = Storyboard;
			sourceTree = "<group>";
		};
		5E37CAAB23E9866D00C0E2A8 /* Profile */ = {
			isa = PBXGroup;
			children = (
				D59718A423CEA98300117906 /* ProfileVC.swift */,
				5E3560E323EC11E3002B8C87 /* FollowerVC.swift */,
				5E3560E523EC11F1002B8C87 /* FollowingVC.swift */,
				5E3560E723EC1634002B8C87 /* SetProfileVC.swift */,
				5E79C0C123EC5A7000BD2FB3 /* ArticleTVC.swift */,
				5E95CD6323EF30180090C39B /* FollowerTVC.swift */,
				5E95CD6523EF30280090C39B /* FollowingTVC.swift */,
				5E95CD6723EF35280090C39B /* SettingVC.swift */,
				5E2BDCBD2403903700CE99A7 /* ProflieTableViewCell.swift */,
				5E2BDCBE2403903700CE99A7 /* ProflieTableViewCell.xib */,
				5EC02ED1243765E400580194 /* ProfileTVC.swift */,
				5EC02ED3243769DE00580194 /* ProfileTVC.xib */,
				5ED3DFB8244C493000B34D20 /* OurInfoVC.swift */,
				5ED3DFBA244C4A3F00B34D20 /* OurInfoTVC.swift */,
			);
			path = Profile;
			sourceTree = "<group>";
		};
		5E79C0C323EC6AB400BD2FB3 /* Util */ = {
			isa = PBXGroup;
			children = (
				5ED1558424228E88004DCE02 /* PopUp.storyboard */,
				5ED93D75242A7A1F00CE6D3F /* PictureVC.swift */,
				5ED93D77242A7A3400CE6D3F /* PopUpVC.swift */,
				5E4A2B3C2450281E00BDFA4B /* PictureCVC.swift */,
			);
			path = Util;
			sourceTree = "<group>";
		};
		5E93A721241571F500C9C811 /* NoticeView */ = {
			isa = PBXGroup;
			children = (
				5E93A7222415720E00C9C811 /* BachelorVC.swift */,
				5E93A7242415721F00C9C811 /* ClassVC.swift */,
				5E93A7262415723200C9C811 /* ExchangeVC.swift */,
				5E93A7282415724200C9C811 /* ScholarshipVC.swift */,
				5E93A72A2415725C00C9C811 /* GeneralVC.swift */,
				5E93A72C2415727900C9C811 /* EventVC.swift */,
				5E4203E524631092002B0066 /* NoticeTVC.swift */,
				5E4203E624631092002B0066 /* NoticeTVC.xib */,
			);
			path = NoticeView;
			sourceTree = "<group>";
		};
		5EA5C68123F146BE00BFB32B /* SignUp */ = {
			isa = PBXGroup;
			children = (
				5EA5C68323F146E200BFB32B /* EmailVC.swift */,
				5EA5C68523F1470B00BFB32B /* IDVC.swift */,
				5EA5C68723F1472200BFB32B /* NameVC.swift */,
				5EA5C68923F1475000BFB32B /* PassWordVC.swift */,
				5ED3DFB6244C450100B34D20 /* TermsVC.swift */,
			);
			path = SignUp;
			sourceTree = "<group>";
		};
		5EC02EC62437296700580194 /* Cell */ = {
			isa = PBXGroup;
			children = (
				5EC02EC72437298900580194 /* FeedTVC.swift */,
				5EC02EC82437298900580194 /* FeedTVC.xib */,
			);
			path = Cell;
			sourceTree = "<group>";
		};
		5EC02ECB24372C4600580194 /* Enum */ = {
			isa = PBXGroup;
			children = (
				5EC02ECC24372C6D00580194 /* Font.swift */,
			);
			path = Enum;
			sourceTree = "<group>";
		};
		5EC02ECE2437626600580194 /* Search */ = {
			isa = PBXGroup;
			children = (
				5EC02ECF2437628200580194 /* Search.storyboard */,
			);
			path = Search;
			sourceTree = "<group>";
		};
		5EC02ED524376B4100580194 /* Search */ = {
			isa = PBXGroup;
			children = (
				5EC02ED624376B5C00580194 /* SearchVC.swift */,
				5EC02ED8243775DF00580194 /* SearchResultVC.swift */,
			);
			path = Search;
			sourceTree = "<group>";
		};
		67B0C5227CABA343A88C01B5 /* Pods */ = {
			isa = PBXGroup;
			children = (
				116AAE76128036EFDBA4D11C /* Pods-Nutee.debug.xcconfig */,
				EBCC5FADFAEF6F7815A56200 /* Pods-Nutee.release.xcconfig */,
			);
			path = Pods;
			sourceTree = "<group>";
		};
		97168F4A04CA7D3123636409 /* Frameworks */ = {
			isa = PBXGroup;
			children = (
				E5915003F64084812BCF9F67 /* Pods_Nutee.framework */,
			);
			name = Frameworks;
			sourceTree = "<group>";
		};
		D519843B23E32402001AB351 /* NewsFeed */ = {
			isa = PBXGroup;
			children = (
				D519843C23E32418001AB351 /* NewsFeed.storyboard */,
				D5C7795423FCECE000AC26A7 /* DetailNewsFeed */,
			);
			path = NewsFeed;
			sourceTree = "<group>";
		};
		D519844323E325C2001AB351 /* NewsFeed */ = {
			isa = PBXGroup;
			children = (
				D591156D23FD06E1004E6A75 /* DetailNewsFeed */,
				5EC02EC62437296700580194 /* Cell */,
				D59718A323CEA98300117906 /* NewsFeedVC.swift */,
				D59718A123CEA96700117906 /* NewsFeedCell.swift */,
			);
			path = NewsFeed;
			sourceTree = "<group>";
		};
		D591156D23FD06E1004E6A75 /* DetailNewsFeed */ = {
			isa = PBXGroup;
			children = (
				D5DAA88D23E7EF2E0052E17B /* HeaderNewsFeedView.swift */,
				D519844423E325EE001AB351 /* DetailNewsFeedVC.swift */,
				D5DAA88C23E7EF2E0052E17B /* ReplyCell.swift */,
				5E6BC49C243B2A1700F33053 /* DetailHeaderView.swift */,
			);
			path = DetailNewsFeed;
			sourceTree = "<group>";
		};
		D5C7795423FCECE000AC26A7 /* DetailNewsFeed */ = {
			isa = PBXGroup;
			children = (
				D5DAA89223E7F0C60052E17B /* HeaderNewsFeedView.xib */,
				D519843D23E32418001AB351 /* DetailNewsFeed.storyboard */,
				5E6BC49A243B220900F33053 /* DetailHeaderView.xib */,
			);
			path = DetailNewsFeed;
			sourceTree = "<group>";
		};
/* End PBXGroup section */

/* Begin PBXNativeTarget section */
		5E21443823C2F8500053CFB9 /* Nutee */ = {
			isa = PBXNativeTarget;
			buildConfigurationList = 5E21444D23C2F8560053CFB9 /* Build configuration list for PBXNativeTarget "Nutee" */;
			buildPhases = (
				11CB86ECC862CED737B4ED12 /* [CP] Check Pods Manifest.lock */,
				5E21443523C2F8500053CFB9 /* Sources */,
				5E21443623C2F8500053CFB9 /* Frameworks */,
				5E21443723C2F8500053CFB9 /* Resources */,
				1F1FBDDAB6289CD5F2B97ACA /* [CP] Embed Pods Frameworks */,
				D5DAC67623F42BB200226F20 /* Embed Frameworks */,
				D5DAC67723F42C8500226F20 /* CopyFiles */,
			);
			buildRules = (
			);
			dependencies = (
			);
			name = Nutee;
			productName = Nutee;
			productReference = 5E21443923C2F8500053CFB9 /* NUTEE.app */;
			productType = "com.apple.product-type.application";
		};
/* End PBXNativeTarget section */

/* Begin PBXProject section */
		5E21443123C2F8500053CFB9 /* Project object */ = {
			isa = PBXProject;
			attributes = {
				LastSwiftUpdateCheck = 1130;
				LastUpgradeCheck = 1130;
				ORGANIZATIONNAME = S.OWL;
				TargetAttributes = {
					5E21443823C2F8500053CFB9 = {
						CreatedOnToolsVersion = 11.3;
					};
				};
			};
			buildConfigurationList = 5E21443423C2F8500053CFB9 /* Build configuration list for PBXProject "Nutee" */;
			compatibilityVersion = "Xcode 9.3";
			developmentRegion = en;
			hasScannedForEncodings = 0;
			knownRegions = (
				en,
				Base,
			);
			mainGroup = 5E21443023C2F8500053CFB9;
			productRefGroup = 5E21443A23C2F8500053CFB9 /* Products */;
			projectDirPath = "";
			projectRoot = "";
			targets = (
				5E21443823C2F8500053CFB9 /* Nutee */,
			);
		};
/* End PBXProject section */

/* Begin PBXResourcesBuildPhase section */
		5E21443723C2F8500053CFB9 /* Resources */ = {
			isa = PBXResourcesBuildPhase;
			buildActionMask = 2147483647;
			files = (
				D5DAA89423E7F0C70052E17B /* HeaderNewsFeedView.xib in Resources */,
				D519843E23E32418001AB351 /* NewsFeed.storyboard in Resources */,
				5E21444923C2F8560053CFB9 /* LaunchScreen.storyboard in Resources */,
				D519843F23E32418001AB351 /* DetailNewsFeed.storyboard in Resources */,
				D5EBD78423CFE69F00C2B7F5 /* Main.storyboard in Resources */,
				5E0E6A6F23E73CC800FBC15F /* Post.storyboard in Resources */,
				D59718B723CEA9DA00117906 /* Profile.storyboard in Resources */,
				5E6BC49B243B220900F33053 /* DetailHeaderView.xib in Resources */,
				5E4203E824631092002B0066 /* NoticeTVC.xib in Resources */,
				D59718B523CEA9DA00117906 /* Login.storyboard in Resources */,
				5E21444623C2F8560053CFB9 /* Assets.xcassets in Resources */,
				5EC02ED4243769DE00580194 /* ProfileTVC.xib in Resources */,
				5EC02ECA2437298900580194 /* FeedTVC.xib in Resources */,
				5E2BDCC02403903700CE99A7 /* ProflieTableViewCell.xib in Resources */,
				5EC02ED02437628200580194 /* Search.storyboard in Resources */,
				5E37CAA623E97DC800C0E2A8 /* SignUp.storyboard in Resources */,
				D59718B623CEA9DA00117906 /* NoticeBoard.storyboard in Resources */,
				5E37CAAA23E97DDA00C0E2A8 /* Find.storyboard in Resources */,
				5ED1558524228E88004DCE02 /* PopUp.storyboard in Resources */,
			);
			runOnlyForDeploymentPostprocessing = 0;
		};
/* End PBXResourcesBuildPhase section */

/* Begin PBXShellScriptBuildPhase section */
		11CB86ECC862CED737B4ED12 /* [CP] Check Pods Manifest.lock */ = {
			isa = PBXShellScriptBuildPhase;
			buildActionMask = 2147483647;
			files = (
			);
			inputFileListPaths = (
			);
			inputPaths = (
				"${PODS_PODFILE_DIR_PATH}/Podfile.lock",
				"${PODS_ROOT}/Manifest.lock",
			);
			name = "[CP] Check Pods Manifest.lock";
			outputFileListPaths = (
			);
			outputPaths = (
				"$(DERIVED_FILE_DIR)/Pods-Nutee-checkManifestLockResult.txt",
			);
			runOnlyForDeploymentPostprocessing = 0;
			shellPath = /bin/sh;
			shellScript = "diff \"${PODS_PODFILE_DIR_PATH}/Podfile.lock\" \"${PODS_ROOT}/Manifest.lock\" > /dev/null\nif [ $? != 0 ] ; then\n    # print error to STDERR\n    echo \"error: The sandbox is not in sync with the Podfile.lock. Run 'pod install' or update your CocoaPods installation.\" >&2\n    exit 1\nfi\n# This output is used by Xcode 'outputs' to avoid re-running this script phase.\necho \"SUCCESS\" > \"${SCRIPT_OUTPUT_FILE_0}\"\n";
			showEnvVarsInLog = 0;
		};
		1F1FBDDAB6289CD5F2B97ACA /* [CP] Embed Pods Frameworks */ = {
			isa = PBXShellScriptBuildPhase;
			buildActionMask = 2147483647;
			files = (
			);
			inputFileListPaths = (
				"${PODS_ROOT}/Target Support Files/Pods-Nutee/Pods-Nutee-frameworks-${CONFIGURATION}-input-files.xcfilelist",
			);
			name = "[CP] Embed Pods Frameworks";
			outputFileListPaths = (
				"${PODS_ROOT}/Target Support Files/Pods-Nutee/Pods-Nutee-frameworks-${CONFIGURATION}-output-files.xcfilelist",
			);
			runOnlyForDeploymentPostprocessing = 0;
			shellPath = /bin/sh;
			shellScript = "\"${PODS_ROOT}/Target Support Files/Pods-Nutee/Pods-Nutee-frameworks.sh\"\n";
			showEnvVarsInLog = 0;
		};
/* End PBXShellScriptBuildPhase section */

/* Begin PBXSourcesBuildPhase section */
		5E21443523C2F8500053CFB9 /* Sources */ = {
			isa = PBXSourcesBuildPhase;
			buildActionMask = 2147483647;
			files = (
				5E95CD6823EF35280090C39B /* SettingVC.swift in Sources */,
				5E6BC49D243B2A1700F33053 /* DetailHeaderView.swift in Sources */,
				5E93A72B2415725C00C9C811 /* GeneralVC.swift in Sources */,
				5EA5C68823F1472200BFB32B /* NameVC.swift in Sources */,
				D5F651D12407DF4C00263A34 /* FollowList.swift in Sources */,
				D59718A923CEA98400117906 /* NewsFeedVC.swift in Sources */,
				5E3560E623EC11F1002B8C87 /* FollowingVC.swift in Sources */,
				5E2BDCBA24038F7300CE99A7 /* UserService.swift in Sources */,
				5E93A7252415721F00C9C811 /* ClassVC.swift in Sources */,
				5E95CD6A23EF36230090C39B /* ToPostVC.swift in Sources */,
				D53CB44F240B995400DDA17A /* NewsPostsContent.swift in Sources */,
				D5DAA88F23E7EF2E0052E17B /* ReplyCell.swift in Sources */,
				5E05AD7423DB0F0200E36AD4 /* UIButton+Extension.swift in Sources */,
				5EA5C68623F1470B00BFB32B /* IDVC.swift in Sources */,
				5E95CD6423EF30180090C39B /* FollowerTVC.swift in Sources */,
				5E3560E423EC11E3002B8C87 /* FollowerVC.swift in Sources */,
				5E05AD7623DB0F1E00E36AD4 /* UIImageView+Extension.swift in Sources */,
				D59718AB23CEA98400117906 /* LoginVC.swift in Sources */,
				5E93A7232415720E00C9C811 /* BachelorVC.swift in Sources */,
				5E37CA9E23E97B0600C0E2A8 /* TBC.swift in Sources */,
				5E2BDCBC2403901400CE99A7 /* Notice.swift in Sources */,
				5E21445E23C2F8FC0053CFB9 /* LoadingHUD.swift in Sources */,
				5E2BDCBF2403903700CE99A7 /* ProflieTableViewCell.swift in Sources */,
				5E05AD6C23DB0E8C00E36AD4 /* CALayer+Extension.swift in Sources */,
				5ED3DFB7244C450100B34D20 /* TermsVC.swift in Sources */,
				5EA5C68A23F1475000BFB32B /* PassWordVC.swift in Sources */,
				D53F61F82403C3F200C8EE38 /* PostContent.swift in Sources */,
				5E2BDCB524038F0300CE99A7 /* SignUp.swift in Sources */,
				D5DAA89023E7EF2E0052E17B /* HeaderNewsFeedView.swift in Sources */,
				5EC02ECD24372C6D00580194 /* Font.swift in Sources */,
				5E0E6A6023E7345F00FBC15F /* Date+Extension.swift in Sources */,
				5EC02ED724376B5C00580194 /* SearchVC.swift in Sources */,
				5E95CD6623EF30280090C39B /* FollowingTVC.swift in Sources */,
				5E05AD6E23DB0EB800E36AD4 /* UIViewController+Extension.swift in Sources */,
				D5F651CF2407B46500263A34 /* FollowService.swift in Sources */,
				5E0E6A7223E73ECE00FBC15F /* PostVC.swift in Sources */,
				5EC02EC92437298900580194 /* FeedTVC.swift in Sources */,
				5E93A7272415723200C9C811 /* ExchangeVC.swift in Sources */,
				5E21443D23C2F8500053CFB9 /* AppDelegate.swift in Sources */,
				5EC02ED9243775DF00580194 /* SearchResultVC.swift in Sources */,
				5ED93D78242A7A3400CE6D3F /* PopUpVC.swift in Sources */,
				D59718AA23CEA98400117906 /* ProfileVC.swift in Sources */,
				5E37CAA423E97D3700C0E2A8 /* FindVC.swift in Sources */,
				5E05AD7A23DB1AC500E36AD4 /* NetworkResult.swift in Sources */,
				5E05AD7223DB0EEA00E36AD4 /* UITextView+Extension.swift in Sources */,
				D597189E23CEA79100117906 /* NoticeBoardVC.swift in Sources */,
				5E4A2B3D2450281E00BDFA4B /* PictureCVC.swift in Sources */,
				5E05AD7823DB104600E36AD4 /* UIView+Extension.swift in Sources */,
				5E21443F23C2F8500053CFB9 /* SceneDelegate.swift in Sources */,
				D55E94EF240A92F6009F738C /* UserPostContent.swift in Sources */,
				5E93A72D2415727900C9C811 /* EventVC.swift in Sources */,
				5E4203E724631092002B0066 /* NoticeTVC.swift in Sources */,
				D53F61FA2403C5E200C8EE38 /* ContentService.swift in Sources */,
				5EC02ED2243765E400580194 /* ProfileTVC.swift in Sources */,
				5E37CA9C23E9765600C0E2A8 /* PostIMGCVC.swift in Sources */,
				5EA5C68023F02C9200BFB32B /* String+Extension.swift in Sources */,
				5E93A7292415724200C9C811 /* ScholarshipVC.swift in Sources */,
				D59718A223CEA96700117906 /* NewsFeedCell.swift in Sources */,
				5ED3DFBB244C4A3F00B34D20 /* OurInfoTVC.swift in Sources */,
				5E2BDCB424038F0300CE99A7 /* SignIn.swift in Sources */,
				D519844523E325EE001AB351 /* DetailNewsFeedVC.swift in Sources */,
				5E3560E823EC1634002B8C87 /* SetProfileVC.swift in Sources */,
				5ED155872423162B004DCE02 /* UITabar.swift in Sources */,
				5ED3DFB9244C493000B34D20 /* OurInfoVC.swift in Sources */,
				5ED93D76242A7A1F00CE6D3F /* PictureVC.swift in Sources */,
				5E796733244F1DEA0053974F /* Model.swift in Sources */,
				5E21445A23C2F8E50053CFB9 /* APIConstants.swift in Sources */,
				5E2BDCB924038F7300CE99A7 /* NoticeService.swift in Sources */,
				5EA5C68423F146E200BFB32B /* EmailVC.swift in Sources */,
				5E79C0C223EC5A7000BD2FB3 /* ArticleTVC.swift in Sources */,
				5E1752F2242124B900013D55 /* Splash.swift in Sources */,
				5E05AD7023DB0ECE00E36AD4 /* UIColor+Extension.swift in Sources */,
				5EA5C67C23F023DC00BFB32B /* UITableView+Extension.swift in Sources */,
			);
			runOnlyForDeploymentPostprocessing = 0;
		};
/* End PBXSourcesBuildPhase section */

/* Begin PBXVariantGroup section */
		5E21444723C2F8560053CFB9 /* LaunchScreen.storyboard */ = {
			isa = PBXVariantGroup;
			children = (
				5E21444823C2F8560053CFB9 /* Base */,
			);
			name = LaunchScreen.storyboard;
			sourceTree = "<group>";
		};
/* End PBXVariantGroup section */

/* Begin XCBuildConfiguration section */
		5E21444B23C2F8560053CFB9 /* Debug */ = {
			isa = XCBuildConfiguration;
			buildSettings = {
				ALWAYS_SEARCH_USER_PATHS = NO;
				CLANG_ANALYZER_NONNULL = YES;
				CLANG_ANALYZER_NUMBER_OBJECT_CONVERSION = YES_AGGRESSIVE;
				CLANG_CXX_LANGUAGE_STANDARD = "gnu++14";
				CLANG_CXX_LIBRARY = "libc++";
				CLANG_ENABLE_MODULES = YES;
				CLANG_ENABLE_OBJC_ARC = YES;
				CLANG_ENABLE_OBJC_WEAK = YES;
				CLANG_WARN_BLOCK_CAPTURE_AUTORELEASING = YES;
				CLANG_WARN_BOOL_CONVERSION = YES;
				CLANG_WARN_COMMA = YES;
				CLANG_WARN_CONSTANT_CONVERSION = YES;
				CLANG_WARN_DEPRECATED_OBJC_IMPLEMENTATIONS = YES;
				CLANG_WARN_DIRECT_OBJC_ISA_USAGE = YES_ERROR;
				CLANG_WARN_DOCUMENTATION_COMMENTS = YES;
				CLANG_WARN_EMPTY_BODY = YES;
				CLANG_WARN_ENUM_CONVERSION = YES;
				CLANG_WARN_INFINITE_RECURSION = YES;
				CLANG_WARN_INT_CONVERSION = YES;
				CLANG_WARN_NON_LITERAL_NULL_CONVERSION = YES;
				CLANG_WARN_OBJC_IMPLICIT_RETAIN_SELF = YES;
				CLANG_WARN_OBJC_LITERAL_CONVERSION = YES;
				CLANG_WARN_OBJC_ROOT_CLASS = YES_ERROR;
				CLANG_WARN_RANGE_LOOP_ANALYSIS = YES;
				CLANG_WARN_STRICT_PROTOTYPES = YES;
				CLANG_WARN_SUSPICIOUS_MOVE = YES;
				CLANG_WARN_UNGUARDED_AVAILABILITY = YES_AGGRESSIVE;
				CLANG_WARN_UNREACHABLE_CODE = YES;
				CLANG_WARN__DUPLICATE_METHOD_MATCH = YES;
				COPY_PHASE_STRIP = NO;
				DEBUG_INFORMATION_FORMAT = dwarf;
				ENABLE_STRICT_OBJC_MSGSEND = YES;
				ENABLE_TESTABILITY = YES;
				GCC_C_LANGUAGE_STANDARD = gnu11;
				GCC_DYNAMIC_NO_PIC = NO;
				GCC_NO_COMMON_BLOCKS = YES;
				GCC_OPTIMIZATION_LEVEL = 0;
				GCC_PREPROCESSOR_DEFINITIONS = (
					"DEBUG=1",
					"$(inherited)",
				);
				GCC_WARN_64_TO_32_BIT_CONVERSION = YES;
				GCC_WARN_ABOUT_RETURN_TYPE = YES_ERROR;
				GCC_WARN_UNDECLARED_SELECTOR = YES;
				GCC_WARN_UNINITIALIZED_AUTOS = YES_AGGRESSIVE;
				GCC_WARN_UNUSED_FUNCTION = YES;
				GCC_WARN_UNUSED_VARIABLE = YES;
				IPHONEOS_DEPLOYMENT_TARGET = 13.0;
				MTL_ENABLE_DEBUG_INFO = INCLUDE_SOURCE;
				MTL_FAST_MATH = YES;
				ONLY_ACTIVE_ARCH = YES;
				SDKROOT = iphoneos;
				SWIFT_ACTIVE_COMPILATION_CONDITIONS = DEBUG;
				SWIFT_OPTIMIZATION_LEVEL = "-Onone";
			};
			name = Debug;
		};
		5E21444C23C2F8560053CFB9 /* Release */ = {
			isa = XCBuildConfiguration;
			buildSettings = {
				ALWAYS_SEARCH_USER_PATHS = NO;
				CLANG_ANALYZER_NONNULL = YES;
				CLANG_ANALYZER_NUMBER_OBJECT_CONVERSION = YES_AGGRESSIVE;
				CLANG_CXX_LANGUAGE_STANDARD = "gnu++14";
				CLANG_CXX_LIBRARY = "libc++";
				CLANG_ENABLE_MODULES = YES;
				CLANG_ENABLE_OBJC_ARC = YES;
				CLANG_ENABLE_OBJC_WEAK = YES;
				CLANG_WARN_BLOCK_CAPTURE_AUTORELEASING = YES;
				CLANG_WARN_BOOL_CONVERSION = YES;
				CLANG_WARN_COMMA = YES;
				CLANG_WARN_CONSTANT_CONVERSION = YES;
				CLANG_WARN_DEPRECATED_OBJC_IMPLEMENTATIONS = YES;
				CLANG_WARN_DIRECT_OBJC_ISA_USAGE = YES_ERROR;
				CLANG_WARN_DOCUMENTATION_COMMENTS = YES;
				CLANG_WARN_EMPTY_BODY = YES;
				CLANG_WARN_ENUM_CONVERSION = YES;
				CLANG_WARN_INFINITE_RECURSION = YES;
				CLANG_WARN_INT_CONVERSION = YES;
				CLANG_WARN_NON_LITERAL_NULL_CONVERSION = YES;
				CLANG_WARN_OBJC_IMPLICIT_RETAIN_SELF = YES;
				CLANG_WARN_OBJC_LITERAL_CONVERSION = YES;
				CLANG_WARN_OBJC_ROOT_CLASS = YES_ERROR;
				CLANG_WARN_RANGE_LOOP_ANALYSIS = YES;
				CLANG_WARN_STRICT_PROTOTYPES = YES;
				CLANG_WARN_SUSPICIOUS_MOVE = YES;
				CLANG_WARN_UNGUARDED_AVAILABILITY = YES_AGGRESSIVE;
				CLANG_WARN_UNREACHABLE_CODE = YES;
				CLANG_WARN__DUPLICATE_METHOD_MATCH = YES;
				COPY_PHASE_STRIP = NO;
				DEBUG_INFORMATION_FORMAT = "dwarf-with-dsym";
				ENABLE_NS_ASSERTIONS = NO;
				ENABLE_STRICT_OBJC_MSGSEND = YES;
				GCC_C_LANGUAGE_STANDARD = gnu11;
				GCC_NO_COMMON_BLOCKS = YES;
				GCC_WARN_64_TO_32_BIT_CONVERSION = YES;
				GCC_WARN_ABOUT_RETURN_TYPE = YES_ERROR;
				GCC_WARN_UNDECLARED_SELECTOR = YES;
				GCC_WARN_UNINITIALIZED_AUTOS = YES_AGGRESSIVE;
				GCC_WARN_UNUSED_FUNCTION = YES;
				GCC_WARN_UNUSED_VARIABLE = YES;
				IPHONEOS_DEPLOYMENT_TARGET = 13.0;
				MTL_ENABLE_DEBUG_INFO = NO;
				MTL_FAST_MATH = YES;
				SDKROOT = iphoneos;
				SWIFT_COMPILATION_MODE = wholemodule;
				SWIFT_OPTIMIZATION_LEVEL = "-O";
				VALIDATE_PRODUCT = YES;
			};
			name = Release;
		};
		5E21444E23C2F8560053CFB9 /* Debug */ = {
			isa = XCBuildConfiguration;
			baseConfigurationReference = 116AAE76128036EFDBA4D11C /* Pods-Nutee.debug.xcconfig */;
			buildSettings = {
				ASSETCATALOG_COMPILER_APPICON_NAME = AppIcon;
				CODE_SIGN_IDENTITY = "Apple Development";
				CODE_SIGN_STYLE = Automatic;
				CURRENT_PROJECT_VERSION = 1;
				DEVELOPMENT_TEAM = 78A867AHKF;
				INFOPLIST_FILE = "$(SRCROOT)/Nutee/Supporting Files/Info.plist";
				INSTALL_PATH = "@executable_path/Frameworks";
				LD_RUNPATH_SEARCH_PATHS = (
					"$(inherited)",
					"@executable_path/Frameworks",
				);
				MARKETING_VERSION = 1.0.4;
				PRODUCT_BUNDLE_IDENTIFIER = kr.nutee;
				PRODUCT_NAME = NUTEE;
				PROVISIONING_PROFILE_SPECIFIER = "";
				SWIFT_VERSION = 5.0;
				TARGETED_DEVICE_FAMILY = 1;
			};
			name = Debug;
		};
		5E21444F23C2F8560053CFB9 /* Release */ = {
			isa = XCBuildConfiguration;
			baseConfigurationReference = EBCC5FADFAEF6F7815A56200 /* Pods-Nutee.release.xcconfig */;
			buildSettings = {
				ASSETCATALOG_COMPILER_APPICON_NAME = AppIcon;
				CODE_SIGN_IDENTITY = "Apple Development";
				CODE_SIGN_STYLE = Automatic;
				CURRENT_PROJECT_VERSION = 1;
				DEVELOPMENT_TEAM = 78A867AHKF;
				INFOPLIST_FILE = "$(SRCROOT)/Nutee/Supporting Files/Info.plist";
				INSTALL_PATH = "@executable_path/Frameworks";
				LD_RUNPATH_SEARCH_PATHS = (
					"$(inherited)",
					"@executable_path/Frameworks",
				);
				MARKETING_VERSION = 1.0.4;
				PRODUCT_BUNDLE_IDENTIFIER = kr.nutee;
				PRODUCT_NAME = NUTEE;
				PROVISIONING_PROFILE_SPECIFIER = "";
				SWIFT_VERSION = 5.0;
				TARGETED_DEVICE_FAMILY = 1;
			};
			name = Release;
		};
/* End XCBuildConfiguration section */

/* Begin XCConfigurationList section */
		5E21443423C2F8500053CFB9 /* Build configuration list for PBXProject "Nutee" */ = {
			isa = XCConfigurationList;
			buildConfigurations = (
				5E21444B23C2F8560053CFB9 /* Debug */,
				5E21444C23C2F8560053CFB9 /* Release */,
			);
			defaultConfigurationIsVisible = 0;
			defaultConfigurationName = Release;
		};
		5E21444D23C2F8560053CFB9 /* Build configuration list for PBXNativeTarget "Nutee" */ = {
			isa = XCConfigurationList;
			buildConfigurations = (
				5E21444E23C2F8560053CFB9 /* Debug */,
				5E21444F23C2F8560053CFB9 /* Release */,
			);
			defaultConfigurationIsVisible = 0;
			defaultConfigurationName = Release;
		};
/* End XCConfigurationList section */
	};
	rootObject = 5E21443123C2F8500053CFB9 /* Project object */;
}
