// !$*UTF8*$!
{
	archiveVersion = 1;
	classes = {
	};
	objectVersion = 51;
	objects = {

/* Begin PBXBuildFile section */
		5E05AD6C23DB0E8C00E36AD4 /* CALayer+Extension.swift in Sources */ = {isa = PBXBuildFile; fileRef = 5E05AD6B23DB0E8C00E36AD4 /* CALayer+Extension.swift */; };
		5E05AD6E23DB0EB800E36AD4 /* UIViewController+Extension.swift in Sources */ = {isa = PBXBuildFile; fileRef = 5E05AD6D23DB0EB800E36AD4 /* UIViewController+Extension.swift */; };
		5E05AD7023DB0ECE00E36AD4 /* UIColor+Extension.swift in Sources */ = {isa = PBXBuildFile; fileRef = 5E05AD6F23DB0ECE00E36AD4 /* UIColor+Extension.swift */; };
		5E05AD7223DB0EEA00E36AD4 /* UITextView+Extension.swift in Sources */ = {isa = PBXBuildFile; fileRef = 5E05AD7123DB0EEA00E36AD4 /* UITextView+Extension.swift */; };
		5E05AD7423DB0F0200E36AD4 /* UIButton+Extension.swift in Sources */ = {isa = PBXBuildFile; fileRef = 5E05AD7323DB0F0200E36AD4 /* UIButton+Extension.swift */; };
		5E05AD7623DB0F1E00E36AD4 /* UIImageView+Extension.swift in Sources */ = {isa = PBXBuildFile; fileRef = 5E05AD7523DB0F1E00E36AD4 /* UIImageView+Extension.swift */; };
		5E05AD7823DB104600E36AD4 /* UIView+Extension.swift in Sources */ = {isa = PBXBuildFile; fileRef = 5E05AD7723DB104600E36AD4 /* UIView+Extension.swift */; };
		5E05AD7A23DB1AC500E36AD4 /* NetworkResult.swift in Sources */ = {isa = PBXBuildFile; fileRef = 5E05AD7923DB1AC500E36AD4 /* NetworkResult.swift */; };
		5E05AD7D23DEA5FB00E36AD4 /* MyChatTVC.swift in Sources */ = {isa = PBXBuildFile; fileRef = 5E05AD7B23DEA5FB00E36AD4 /* MyChatTVC.swift */; };
		5E05AD7E23DEA5FB00E36AD4 /* MyChatTVC.xib in Resources */ = {isa = PBXBuildFile; fileRef = 5E05AD7C23DEA5FB00E36AD4 /* MyChatTVC.xib */; };
		5E0E6A6023E7345F00FBC15F /* Date+Extension.swift in Sources */ = {isa = PBXBuildFile; fileRef = 5E0E6A5F23E7345F00FBC15F /* Date+Extension.swift */; };
		5E0E6A6323E7349600FBC15F /* YourChatTVC.swift in Sources */ = {isa = PBXBuildFile; fileRef = 5E0E6A6123E7349600FBC15F /* YourChatTVC.swift */; };
		5E0E6A6423E7349600FBC15F /* YourChatTVC.xib in Resources */ = {isa = PBXBuildFile; fileRef = 5E0E6A6223E7349600FBC15F /* YourChatTVC.xib */; };
		5E0E6A6823E7385400FBC15F /* NoticeBoardTVC.swift in Sources */ = {isa = PBXBuildFile; fileRef = 5E0E6A6723E7385400FBC15F /* NoticeBoardTVC.swift */; };
		5E0E6A6F23E73CC800FBC15F /* Post.storyboard in Resources */ = {isa = PBXBuildFile; fileRef = 5E0E6A6E23E73CC800FBC15F /* Post.storyboard */; };
		5E0E6A7223E73ECE00FBC15F /* PostVC.swift in Sources */ = {isa = PBXBuildFile; fileRef = 5E0E6A7123E73ECE00FBC15F /* PostVC.swift */; };
		5E21443D23C2F8500053CFB9 /* AppDelegate.swift in Sources */ = {isa = PBXBuildFile; fileRef = 5E21443C23C2F8500053CFB9 /* AppDelegate.swift */; };
		5E21443F23C2F8500053CFB9 /* SceneDelegate.swift in Sources */ = {isa = PBXBuildFile; fileRef = 5E21443E23C2F8500053CFB9 /* SceneDelegate.swift */; };
		5E21444623C2F8560053CFB9 /* Assets.xcassets in Resources */ = {isa = PBXBuildFile; fileRef = 5E21444523C2F8560053CFB9 /* Assets.xcassets */; };
		5E21444923C2F8560053CFB9 /* LaunchScreen.storyboard in Resources */ = {isa = PBXBuildFile; fileRef = 5E21444723C2F8560053CFB9 /* LaunchScreen.storyboard */; };
		5E21445A23C2F8E50053CFB9 /* APIConstants.swift in Sources */ = {isa = PBXBuildFile; fileRef = 5E21445923C2F8E50053CFB9 /* APIConstants.swift */; };
		5E21445C23C2F8F60053CFB9 /* Model.swift in Sources */ = {isa = PBXBuildFile; fileRef = 5E21445B23C2F8F60053CFB9 /* Model.swift */; };
		5E21445E23C2F8FC0053CFB9 /* Util.swift in Sources */ = {isa = PBXBuildFile; fileRef = 5E21445D23C2F8FC0053CFB9 /* Util.swift */; };
		5E21446223C2F93B0053CFB9 /* InitVC.swift in Sources */ = {isa = PBXBuildFile; fileRef = 5E21446123C2F93B0053CFB9 /* InitVC.swift */; };
		7ED848354A2878E251E05E71 /* Pods_Nutee.framework in Frameworks */ = {isa = PBXBuildFile; fileRef = E5915003F64084812BCF9F67 /* Pods_Nutee.framework */; };
		D519843E23E32418001AB351 /* NewsFeed.storyboard in Resources */ = {isa = PBXBuildFile; fileRef = D519843C23E32418001AB351 /* NewsFeed.storyboard */; };
		D519843F23E32418001AB351 /* DetailNewsFeed.storyboard in Resources */ = {isa = PBXBuildFile; fileRef = D519843D23E32418001AB351 /* DetailNewsFeed.storyboard */; };
		D519844523E325EE001AB351 /* DetailNewsFeedVC.swift in Sources */ = {isa = PBXBuildFile; fileRef = D519844423E325EE001AB351 /* DetailNewsFeedVC.swift */; };
		D597189E23CEA79100117906 /* NoticeBoardVC.swift in Sources */ = {isa = PBXBuildFile; fileRef = D597189D23CEA79100117906 /* NoticeBoardVC.swift */; };
		D59718A023CEA87B00117906 /* NoticeBoardVO.swift in Sources */ = {isa = PBXBuildFile; fileRef = D597189F23CEA87B00117906 /* NoticeBoardVO.swift */; };
		D59718A223CEA96700117906 /* NewsFeedCell.swift in Sources */ = {isa = PBXBuildFile; fileRef = D59718A123CEA96700117906 /* NewsFeedCell.swift */; };
		D59718A923CEA98400117906 /* NewsFeedVC.swift in Sources */ = {isa = PBXBuildFile; fileRef = D59718A323CEA98300117906 /* NewsFeedVC.swift */; };
		D59718AA23CEA98400117906 /* ProfileVC.swift in Sources */ = {isa = PBXBuildFile; fileRef = D59718A423CEA98300117906 /* ProfileVC.swift */; };
		D59718AB23CEA98400117906 /* LoginVC.swift in Sources */ = {isa = PBXBuildFile; fileRef = D59718A523CEA98300117906 /* LoginVC.swift */; };
		D59718AC23CEA98400117906 /* FeedVC.swift in Sources */ = {isa = PBXBuildFile; fileRef = D59718A623CEA98300117906 /* FeedVC.swift */; };
		D59718AD23CEA98400117906 /* ChattingVC.swift in Sources */ = {isa = PBXBuildFile; fileRef = D59718A723CEA98300117906 /* ChattingVC.swift */; };
		D59718B523CEA9DA00117906 /* Login.storyboard in Resources */ = {isa = PBXBuildFile; fileRef = D59718B023CEA9D900117906 /* Login.storyboard */; };
		D59718B623CEA9DA00117906 /* NoticeBoard.storyboard in Resources */ = {isa = PBXBuildFile; fileRef = D59718B123CEA9DA00117906 /* NoticeBoard.storyboard */; };
		D59718B723CEA9DA00117906 /* Profile.storyboard in Resources */ = {isa = PBXBuildFile; fileRef = D59718B223CEA9DA00117906 /* Profile.storyboard */; };
		D59718B823CEA9DA00117906 /* Chatting.storyboard in Resources */ = {isa = PBXBuildFile; fileRef = D59718B323CEA9DA00117906 /* Chatting.storyboard */; };
		D5EBD78423CFE69F00C2B7F5 /* Main.storyboard in Resources */ = {isa = PBXBuildFile; fileRef = D5EBD78323CFE69F00C2B7F5 /* Main.storyboard */; };
		D5EBD78623D0269400C2B7F5 /* NewsFeedVO.swift in Sources */ = {isa = PBXBuildFile; fileRef = D5EBD78523D0269400C2B7F5 /* NewsFeedVO.swift */; };
/* End PBXBuildFile section */

/* Begin PBXFileReference section */
		116AAE76128036EFDBA4D11C /* Pods-Nutee.debug.xcconfig */ = {isa = PBXFileReference; includeInIndex = 1; lastKnownFileType = text.xcconfig; name = "Pods-Nutee.debug.xcconfig"; path = "Target Support Files/Pods-Nutee/Pods-Nutee.debug.xcconfig"; sourceTree = "<group>"; };
		5E05AD6B23DB0E8C00E36AD4 /* CALayer+Extension.swift */ = {isa = PBXFileReference; lastKnownFileType = sourcecode.swift; path = "CALayer+Extension.swift"; sourceTree = "<group>"; };
		5E05AD6D23DB0EB800E36AD4 /* UIViewController+Extension.swift */ = {isa = PBXFileReference; lastKnownFileType = sourcecode.swift; path = "UIViewController+Extension.swift"; sourceTree = "<group>"; };
		5E05AD6F23DB0ECE00E36AD4 /* UIColor+Extension.swift */ = {isa = PBXFileReference; lastKnownFileType = sourcecode.swift; path = "UIColor+Extension.swift"; sourceTree = "<group>"; };
		5E05AD7123DB0EEA00E36AD4 /* UITextView+Extension.swift */ = {isa = PBXFileReference; lastKnownFileType = sourcecode.swift; path = "UITextView+Extension.swift"; sourceTree = "<group>"; };
		5E05AD7323DB0F0200E36AD4 /* UIButton+Extension.swift */ = {isa = PBXFileReference; lastKnownFileType = sourcecode.swift; path = "UIButton+Extension.swift"; sourceTree = "<group>"; };
		5E05AD7523DB0F1E00E36AD4 /* UIImageView+Extension.swift */ = {isa = PBXFileReference; lastKnownFileType = sourcecode.swift; path = "UIImageView+Extension.swift"; sourceTree = "<group>"; };
		5E05AD7723DB104600E36AD4 /* UIView+Extension.swift */ = {isa = PBXFileReference; lastKnownFileType = sourcecode.swift; path = "UIView+Extension.swift"; sourceTree = "<group>"; };
		5E05AD7923DB1AC500E36AD4 /* NetworkResult.swift */ = {isa = PBXFileReference; lastKnownFileType = sourcecode.swift; path = NetworkResult.swift; sourceTree = "<group>"; };
		5E05AD7B23DEA5FB00E36AD4 /* MyChatTVC.swift */ = {isa = PBXFileReference; lastKnownFileType = sourcecode.swift; path = MyChatTVC.swift; sourceTree = "<group>"; };
		5E05AD7C23DEA5FB00E36AD4 /* MyChatTVC.xib */ = {isa = PBXFileReference; lastKnownFileType = file.xib; path = MyChatTVC.xib; sourceTree = "<group>"; };
		5E0E6A5F23E7345F00FBC15F /* Date+Extension.swift */ = {isa = PBXFileReference; lastKnownFileType = sourcecode.swift; path = "Date+Extension.swift"; sourceTree = "<group>"; };
		5E0E6A6123E7349600FBC15F /* YourChatTVC.swift */ = {isa = PBXFileReference; fileEncoding = 4; lastKnownFileType = sourcecode.swift; path = YourChatTVC.swift; sourceTree = "<group>"; };
		5E0E6A6223E7349600FBC15F /* YourChatTVC.xib */ = {isa = PBXFileReference; fileEncoding = 4; lastKnownFileType = file.xib; path = YourChatTVC.xib; sourceTree = "<group>"; };
		5E0E6A6723E7385400FBC15F /* NoticeBoardTVC.swift */ = {isa = PBXFileReference; lastKnownFileType = sourcecode.swift; path = NoticeBoardTVC.swift; sourceTree = "<group>"; };
		5E0E6A6E23E73CC800FBC15F /* Post.storyboard */ = {isa = PBXFileReference; lastKnownFileType = file.storyboard; path = Post.storyboard; sourceTree = "<group>"; };
		5E0E6A7123E73ECE00FBC15F /* PostVC.swift */ = {isa = PBXFileReference; lastKnownFileType = sourcecode.swift; path = PostVC.swift; sourceTree = "<group>"; };
		5E21443923C2F8500053CFB9 /* Nutee.app */ = {isa = PBXFileReference; explicitFileType = wrapper.application; includeInIndex = 0; path = Nutee.app; sourceTree = BUILT_PRODUCTS_DIR; };
		5E21443C23C2F8500053CFB9 /* AppDelegate.swift */ = {isa = PBXFileReference; lastKnownFileType = sourcecode.swift; path = AppDelegate.swift; sourceTree = "<group>"; };
		5E21443E23C2F8500053CFB9 /* SceneDelegate.swift */ = {isa = PBXFileReference; lastKnownFileType = sourcecode.swift; path = SceneDelegate.swift; sourceTree = "<group>"; };
		5E21444523C2F8560053CFB9 /* Assets.xcassets */ = {isa = PBXFileReference; lastKnownFileType = folder.assetcatalog; path = Assets.xcassets; sourceTree = "<group>"; };
		5E21444823C2F8560053CFB9 /* Base */ = {isa = PBXFileReference; lastKnownFileType = file.storyboard; name = Base; path = Base.lproj/LaunchScreen.storyboard; sourceTree = "<group>"; };
		5E21444A23C2F8560053CFB9 /* Info.plist */ = {isa = PBXFileReference; lastKnownFileType = text.plist.xml; path = Info.plist; sourceTree = "<group>"; };
		5E21445923C2F8E50053CFB9 /* APIConstants.swift */ = {isa = PBXFileReference; lastKnownFileType = sourcecode.swift; path = APIConstants.swift; sourceTree = "<group>"; };
		5E21445B23C2F8F60053CFB9 /* Model.swift */ = {isa = PBXFileReference; lastKnownFileType = sourcecode.swift; path = Model.swift; sourceTree = "<group>"; };
		5E21445D23C2F8FC0053CFB9 /* Util.swift */ = {isa = PBXFileReference; lastKnownFileType = sourcecode.swift; path = Util.swift; sourceTree = "<group>"; };
		5E21446123C2F93B0053CFB9 /* InitVC.swift */ = {isa = PBXFileReference; lastKnownFileType = sourcecode.swift; path = InitVC.swift; sourceTree = "<group>"; };
		D519843C23E32418001AB351 /* NewsFeed.storyboard */ = {isa = PBXFileReference; fileEncoding = 4; lastKnownFileType = file.storyboard; path = NewsFeed.storyboard; sourceTree = "<group>"; };
		D519843D23E32418001AB351 /* DetailNewsFeed.storyboard */ = {isa = PBXFileReference; fileEncoding = 4; lastKnownFileType = file.storyboard; path = DetailNewsFeed.storyboard; sourceTree = "<group>"; };
		D519844423E325EE001AB351 /* DetailNewsFeedVC.swift */ = {isa = PBXFileReference; lastKnownFileType = sourcecode.swift; path = DetailNewsFeedVC.swift; sourceTree = "<group>"; };
		D597189D23CEA79100117906 /* NoticeBoardVC.swift */ = {isa = PBXFileReference; fileEncoding = 4; lastKnownFileType = sourcecode.swift; path = NoticeBoardVC.swift; sourceTree = "<group>"; };
		D597189F23CEA87B00117906 /* NoticeBoardVO.swift */ = {isa = PBXFileReference; fileEncoding = 4; lastKnownFileType = sourcecode.swift; path = NoticeBoardVO.swift; sourceTree = "<group>"; };
		D59718A123CEA96700117906 /* NewsFeedCell.swift */ = {isa = PBXFileReference; fileEncoding = 4; lastKnownFileType = sourcecode.swift; path = NewsFeedCell.swift; sourceTree = "<group>"; };
		D59718A323CEA98300117906 /* NewsFeedVC.swift */ = {isa = PBXFileReference; fileEncoding = 4; lastKnownFileType = sourcecode.swift; path = NewsFeedVC.swift; sourceTree = "<group>"; };
		D59718A423CEA98300117906 /* ProfileVC.swift */ = {isa = PBXFileReference; fileEncoding = 4; lastKnownFileType = sourcecode.swift; path = ProfileVC.swift; sourceTree = "<group>"; };
		D59718A523CEA98300117906 /* LoginVC.swift */ = {isa = PBXFileReference; fileEncoding = 4; lastKnownFileType = sourcecode.swift; path = LoginVC.swift; sourceTree = "<group>"; };
		D59718A623CEA98300117906 /* FeedVC.swift */ = {isa = PBXFileReference; fileEncoding = 4; lastKnownFileType = sourcecode.swift; path = FeedVC.swift; sourceTree = "<group>"; };
		D59718A723CEA98300117906 /* ChattingVC.swift */ = {isa = PBXFileReference; fileEncoding = 4; lastKnownFileType = sourcecode.swift; path = ChattingVC.swift; sourceTree = "<group>"; };
		D59718B023CEA9D900117906 /* Login.storyboard */ = {isa = PBXFileReference; fileEncoding = 4; lastKnownFileType = file.storyboard; path = Login.storyboard; sourceTree = "<group>"; };
		D59718B123CEA9DA00117906 /* NoticeBoard.storyboard */ = {isa = PBXFileReference; fileEncoding = 4; lastKnownFileType = file.storyboard; path = NoticeBoard.storyboard; sourceTree = "<group>"; };
		D59718B223CEA9DA00117906 /* Profile.storyboard */ = {isa = PBXFileReference; fileEncoding = 4; lastKnownFileType = file.storyboard; path = Profile.storyboard; sourceTree = "<group>"; };
		D59718B323CEA9DA00117906 /* Chatting.storyboard */ = {isa = PBXFileReference; fileEncoding = 4; lastKnownFileType = file.storyboard; path = Chatting.storyboard; sourceTree = "<group>"; };
		D5EBD78323CFE69F00C2B7F5 /* Main.storyboard */ = {isa = PBXFileReference; lastKnownFileType = file.storyboard; path = Main.storyboard; sourceTree = "<group>"; };
		D5EBD78523D0269400C2B7F5 /* NewsFeedVO.swift */ = {isa = PBXFileReference; lastKnownFileType = sourcecode.swift; path = NewsFeedVO.swift; sourceTree = "<group>"; };
		E5915003F64084812BCF9F67 /* Pods_Nutee.framework */ = {isa = PBXFileReference; explicitFileType = wrapper.framework; includeInIndex = 0; path = Pods_Nutee.framework; sourceTree = BUILT_PRODUCTS_DIR; };
		EBCC5FADFAEF6F7815A56200 /* Pods-Nutee.release.xcconfig */ = {isa = PBXFileReference; includeInIndex = 1; lastKnownFileType = text.xcconfig; name = "Pods-Nutee.release.xcconfig"; path = "Target Support Files/Pods-Nutee/Pods-Nutee.release.xcconfig"; sourceTree = "<group>"; };
/* End PBXFileReference section */

/* Begin PBXFrameworksBuildPhase section */
		5E21443623C2F8500053CFB9 /* Frameworks */ = {
			isa = PBXFrameworksBuildPhase;
			buildActionMask = 2147483647;
			files = (
				7ED848354A2878E251E05E71 /* Pods_Nutee.framework in Frameworks */,
			);
			runOnlyForDeploymentPostprocessing = 0;
		};
/* End PBXFrameworksBuildPhase section */

/* Begin PBXGroup section */
		5E05AD7F23DEC1D600E36AD4 /* Chat */ = {
			isa = PBXGroup;
			children = (
				D59718A723CEA98300117906 /* ChattingVC.swift */,
				5E05AD7B23DEA5FB00E36AD4 /* MyChatTVC.swift */,
				5E05AD7C23DEA5FB00E36AD4 /* MyChatTVC.xib */,
				5E0E6A6123E7349600FBC15F /* YourChatTVC.swift */,
				5E0E6A6223E7349600FBC15F /* YourChatTVC.xib */,
			);
			path = Chat;
			sourceTree = "<group>";
		};
		5E0E6A6523E734D600FBC15F /* Login */ = {
			isa = PBXGroup;
			children = (
				D59718A523CEA98300117906 /* LoginVC.swift */,
			);
			path = Login;
			sourceTree = "<group>";
		};
		5E0E6A6623E7381300FBC15F /* Notice */ = {
			isa = PBXGroup;
			children = (
				D597189D23CEA79100117906 /* NoticeBoardVC.swift */,
				5E0E6A6723E7385400FBC15F /* NoticeBoardTVC.swift */,
			);
			path = Notice;
			sourceTree = "<group>";
		};
		5E0E6A6923E73C2700FBC15F /* Notice */ = {
			isa = PBXGroup;
			children = (
				D59718B123CEA9DA00117906 /* NoticeBoard.storyboard */,
			);
			path = Notice;
			sourceTree = "<group>";
		};
		5E0E6A6A23E73C2D00FBC15F /* Chat */ = {
			isa = PBXGroup;
			children = (
				D59718B323CEA9DA00117906 /* Chatting.storyboard */,
			);
			path = Chat;
			sourceTree = "<group>";
		};
		5E0E6A6B23E73C3200FBC15F /* Profile */ = {
			isa = PBXGroup;
			children = (
				D59718B223CEA9DA00117906 /* Profile.storyboard */,
			);
			path = Profile;
			sourceTree = "<group>";
		};
		5E0E6A6C23E73C3B00FBC15F /* Login */ = {
			isa = PBXGroup;
			children = (
				D59718B023CEA9D900117906 /* Login.storyboard */,
			);
			path = Login;
			sourceTree = "<group>";
		};
		5E0E6A6D23E73CBD00FBC15F /* Post */ = {
			isa = PBXGroup;
			children = (
				5E0E6A6E23E73CC800FBC15F /* Post.storyboard */,
			);
			path = Post;
			sourceTree = "<group>";
		};
		5E0E6A7023E73EA500FBC15F /* Post */ = {
			isa = PBXGroup;
			children = (
				5E0E6A7123E73ECE00FBC15F /* PostVC.swift */,
			);
			path = Post;
			sourceTree = "<group>";
		};
		5E21443023C2F8500053CFB9 = {
			isa = PBXGroup;
			children = (
				5E21443B23C2F8500053CFB9 /* Nutee */,
				5E21443A23C2F8500053CFB9 /* Products */,
				67B0C5227CABA343A88C01B5 /* Pods */,
				97168F4A04CA7D3123636409 /* Frameworks */,
			);
			sourceTree = "<group>";
		};
		5E21443A23C2F8500053CFB9 /* Products */ = {
			isa = PBXGroup;
			children = (
				5E21443923C2F8500053CFB9 /* Nutee.app */,
			);
			name = Products;
			sourceTree = "<group>";
		};
		5E21443B23C2F8500053CFB9 /* Nutee */ = {
			isa = PBXGroup;
			children = (
				5E21445223C2F8660053CFB9 /* Supporting Files */,
				5E21445123C2F8630053CFB9 /* Source */,
				5E21445023C2F85C0053CFB9 /* Resource */,
			);
			path = Nutee;
			sourceTree = "<group>";
		};
		5E21445023C2F85C0053CFB9 /* Resource */ = {
			isa = PBXGroup;
			children = (
				5E21446323C2F9B30053CFB9 /* Storyboard */,
				5E21444523C2F8560053CFB9 /* Assets.xcassets */,
				5E21444723C2F8560053CFB9 /* LaunchScreen.storyboard */,
			);
			path = Resource;
			sourceTree = "<group>";
		};
		5E21445123C2F8630053CFB9 /* Source */ = {
			isa = PBXGroup;
			children = (
				5E21445823C2F8D80053CFB9 /* Service */,
				5E21445523C2F8920053CFB9 /* Extensions */,
				5E21445623C2F8A00053CFB9 /* Utils */,
				5E21445723C2F8A60053CFB9 /* Model */,
				D5EBD78723D026A700C2B7F5 /* ValueObject */,
				D5EBD78823D0270A00C2B7F5 /* Cell */,
				5E21445323C2F8870053CFB9 /* ViewControllers */,
			);
			path = Source;
			sourceTree = "<group>";
		};
		5E21445223C2F8660053CFB9 /* Supporting Files */ = {
			isa = PBXGroup;
			children = (
				5E21443C23C2F8500053CFB9 /* AppDelegate.swift */,
				5E21443E23C2F8500053CFB9 /* SceneDelegate.swift */,
				5E21444A23C2F8560053CFB9 /* Info.plist */,
			);
			path = "Supporting Files";
			sourceTree = "<group>";
		};
		5E21445323C2F8870053CFB9 /* ViewControllers */ = {
			isa = PBXGroup;
			children = (
				5E0E6A7023E73EA500FBC15F /* Post */,
				5E0E6A6623E7381300FBC15F /* Notice */,
				5E0E6A6523E734D600FBC15F /* Login */,
				D519844323E325C2001AB351 /* NewsFeed */,
				5E05AD7F23DEC1D600E36AD4 /* Chat */,
				5E21446123C2F93B0053CFB9 /* InitVC.swift */,
				D59718A423CEA98300117906 /* ProfileVC.swift */,
				D59718A623CEA98300117906 /* FeedVC.swift */,
			);
			path = ViewControllers;
			sourceTree = "<group>";
		};
		5E21445523C2F8920053CFB9 /* Extensions */ = {
			isa = PBXGroup;
			children = (
				5E05AD6B23DB0E8C00E36AD4 /* CALayer+Extension.swift */,
				5E05AD6D23DB0EB800E36AD4 /* UIViewController+Extension.swift */,
				5E05AD6F23DB0ECE00E36AD4 /* UIColor+Extension.swift */,
				5E05AD7123DB0EEA00E36AD4 /* UITextView+Extension.swift */,
				5E05AD7323DB0F0200E36AD4 /* UIButton+Extension.swift */,
				5E05AD7523DB0F1E00E36AD4 /* UIImageView+Extension.swift */,
				5E05AD7723DB104600E36AD4 /* UIView+Extension.swift */,
				5E0E6A5F23E7345F00FBC15F /* Date+Extension.swift */,
			);
			path = Extensions;
			sourceTree = "<group>";
		};
		5E21445623C2F8A00053CFB9 /* Utils */ = {
			isa = PBXGroup;
			children = (
				5E21445D23C2F8FC0053CFB9 /* Util.swift */,
			);
			path = Utils;
			sourceTree = "<group>";
		};
		5E21445723C2F8A60053CFB9 /* Model */ = {
			isa = PBXGroup;
			children = (
				5E21445B23C2F8F60053CFB9 /* Model.swift */,
			);
			path = Model;
			sourceTree = "<group>";
		};
		5E21445823C2F8D80053CFB9 /* Service */ = {
			isa = PBXGroup;
			children = (
				5E21445923C2F8E50053CFB9 /* APIConstants.swift */,
				5E05AD7923DB1AC500E36AD4 /* NetworkResult.swift */,
			);
			path = Service;
			sourceTree = "<group>";
		};
		5E21446323C2F9B30053CFB9 /* Storyboard */ = {
			isa = PBXGroup;
			children = (
				5E0E6A6D23E73CBD00FBC15F /* Post */,
				5E0E6A6C23E73C3B00FBC15F /* Login */,
				5E0E6A6B23E73C3200FBC15F /* Profile */,
				5E0E6A6A23E73C2D00FBC15F /* Chat */,
				5E0E6A6923E73C2700FBC15F /* Notice */,
				D519843B23E32402001AB351 /* NewsFeed */,
				D5EBD78323CFE69F00C2B7F5 /* Main.storyboard */,
			);
			path = Storyboard;
			sourceTree = "<group>";
		};
		67B0C5227CABA343A88C01B5 /* Pods */ = {
			isa = PBXGroup;
			children = (
				116AAE76128036EFDBA4D11C /* Pods-Nutee.debug.xcconfig */,
				EBCC5FADFAEF6F7815A56200 /* Pods-Nutee.release.xcconfig */,
			);
			path = Pods;
			sourceTree = "<group>";
		};
		97168F4A04CA7D3123636409 /* Frameworks */ = {
			isa = PBXGroup;
			children = (
				E5915003F64084812BCF9F67 /* Pods_Nutee.framework */,
			);
			name = Frameworks;
			sourceTree = "<group>";
		};
		D519843B23E32402001AB351 /* NewsFeed */ = {
			isa = PBXGroup;
			children = (
				D519843C23E32418001AB351 /* NewsFeed.storyboard */,
				D519843D23E32418001AB351 /* DetailNewsFeed.storyboard */,
			);
			path = NewsFeed;
			sourceTree = "<group>";
		};
		D519844323E325C2001AB351 /* NewsFeed */ = {
			isa = PBXGroup;
			children = (
				D59718A323CEA98300117906 /* NewsFeedVC.swift */,
				D519844423E325EE001AB351 /* DetailNewsFeedVC.swift */,
			);
			path = NewsFeed;
			sourceTree = "<group>";
		};
		D5EBD78723D026A700C2B7F5 /* ValueObject */ = {
			isa = PBXGroup;
			children = (
				D5EBD78523D0269400C2B7F5 /* NewsFeedVO.swift */,
				D597189F23CEA87B00117906 /* NoticeBoardVO.swift */,
			);
			path = ValueObject;
			sourceTree = "<group>";
		};
		D5EBD78823D0270A00C2B7F5 /* Cell */ = {
			isa = PBXGroup;
			children = (
				D59718A123CEA96700117906 /* NewsFeedCell.swift */,
			);
			path = Cell;
			sourceTree = "<group>";
		};
/* End PBXGroup section */

/* Begin PBXNativeTarget section */
		5E21443823C2F8500053CFB9 /* Nutee */ = {
			isa = PBXNativeTarget;
			buildConfigurationList = 5E21444D23C2F8560053CFB9 /* Build configuration list for PBXNativeTarget "Nutee" */;
			buildPhases = (
				11CB86ECC862CED737B4ED12 /* [CP] Check Pods Manifest.lock */,
				5E21443523C2F8500053CFB9 /* Sources */,
				5E21443623C2F8500053CFB9 /* Frameworks */,
				5E21443723C2F8500053CFB9 /* Resources */,
				1F1FBDDAB6289CD5F2B97ACA /* [CP] Embed Pods Frameworks */,
			);
			buildRules = (
			);
			dependencies = (
			);
			name = Nutee;
			productName = Nutee;
			productReference = 5E21443923C2F8500053CFB9 /* Nutee.app */;
			productType = "com.apple.product-type.application";
		};
/* End PBXNativeTarget section */

/* Begin PBXProject section */
		5E21443123C2F8500053CFB9 /* Project object */ = {
			isa = PBXProject;
			attributes = {
				LastSwiftUpdateCheck = 1130;
				LastUpgradeCheck = 1130;
				ORGANIZATIONNAME = S.OWL;
				TargetAttributes = {
					5E21443823C2F8500053CFB9 = {
						CreatedOnToolsVersion = 11.3;
					};
				};
			};
			buildConfigurationList = 5E21443423C2F8500053CFB9 /* Build configuration list for PBXProject "Nutee" */;
			compatibilityVersion = "Xcode 9.3";
			developmentRegion = en;
			hasScannedForEncodings = 0;
			knownRegions = (
				en,
				Base,
			);
			mainGroup = 5E21443023C2F8500053CFB9;
			productRefGroup = 5E21443A23C2F8500053CFB9 /* Products */;
			projectDirPath = "";
			projectRoot = "";
			targets = (
				5E21443823C2F8500053CFB9 /* Nutee */,
			);
		};
/* End PBXProject section */

/* Begin PBXResourcesBuildPhase section */
		5E21443723C2F8500053CFB9 /* Resources */ = {
			isa = PBXResourcesBuildPhase;
			buildActionMask = 2147483647;
			files = (
				D519843E23E32418001AB351 /* NewsFeed.storyboard in Resources */,
				5E21444923C2F8560053CFB9 /* LaunchScreen.storyboard in Resources */,
				D519843F23E32418001AB351 /* DetailNewsFeed.storyboard in Resources */,
				D5EBD78423CFE69F00C2B7F5 /* Main.storyboard in Resources */,
				5E0E6A6F23E73CC800FBC15F /* Post.storyboard in Resources */,
				D59718B723CEA9DA00117906 /* Profile.storyboard in Resources */,
				D59718B523CEA9DA00117906 /* Login.storyboard in Resources */,
				5E21444623C2F8560053CFB9 /* Assets.xcassets in Resources */,
				5E0E6A6423E7349600FBC15F /* YourChatTVC.xib in Resources */,
				5E05AD7E23DEA5FB00E36AD4 /* MyChatTVC.xib in Resources */,
				D59718B823CEA9DA00117906 /* Chatting.storyboard in Resources */,
				D59718B623CEA9DA00117906 /* NoticeBoard.storyboard in Resources */,
			);
			runOnlyForDeploymentPostprocessing = 0;
		};
/* End PBXResourcesBuildPhase section */

/* Begin PBXShellScriptBuildPhase section */
		11CB86ECC862CED737B4ED12 /* [CP] Check Pods Manifest.lock */ = {
			isa = PBXShellScriptBuildPhase;
			buildActionMask = 2147483647;
			files = (
			);
			inputFileListPaths = (
			);
			inputPaths = (
				"${PODS_PODFILE_DIR_PATH}/Podfile.lock",
				"${PODS_ROOT}/Manifest.lock",
			);
			name = "[CP] Check Pods Manifest.lock";
			outputFileListPaths = (
			);
			outputPaths = (
				"$(DERIVED_FILE_DIR)/Pods-Nutee-checkManifestLockResult.txt",
			);
			runOnlyForDeploymentPostprocessing = 0;
			shellPath = /bin/sh;
			shellScript = "diff \"${PODS_PODFILE_DIR_PATH}/Podfile.lock\" \"${PODS_ROOT}/Manifest.lock\" > /dev/null\nif [ $? != 0 ] ; then\n    # print error to STDERR\n    echo \"error: The sandbox is not in sync with the Podfile.lock. Run 'pod install' or update your CocoaPods installation.\" >&2\n    exit 1\nfi\n# This output is used by Xcode 'outputs' to avoid re-running this script phase.\necho \"SUCCESS\" > \"${SCRIPT_OUTPUT_FILE_0}\"\n";
			showEnvVarsInLog = 0;
		};
		1F1FBDDAB6289CD5F2B97ACA /* [CP] Embed Pods Frameworks */ = {
			isa = PBXShellScriptBuildPhase;
			buildActionMask = 2147483647;
			files = (
			);
			inputFileListPaths = (
				"${PODS_ROOT}/Target Support Files/Pods-Nutee/Pods-Nutee-frameworks-${CONFIGURATION}-input-files.xcfilelist",
			);
			name = "[CP] Embed Pods Frameworks";
			outputFileListPaths = (
				"${PODS_ROOT}/Target Support Files/Pods-Nutee/Pods-Nutee-frameworks-${CONFIGURATION}-output-files.xcfilelist",
			);
			runOnlyForDeploymentPostprocessing = 0;
			shellPath = /bin/sh;
			shellScript = "\"${PODS_ROOT}/Target Support Files/Pods-Nutee/Pods-Nutee-frameworks.sh\"\n";
			showEnvVarsInLog = 0;
		};
/* End PBXShellScriptBuildPhase section */

/* Begin PBXSourcesBuildPhase section */
		5E21443523C2F8500053CFB9 /* Sources */ = {
			isa = PBXSourcesBuildPhase;
			buildActionMask = 2147483647;
			files = (
				5E21445C23C2F8F60053CFB9 /* Model.swift in Sources */,
				D59718A923CEA98400117906 /* NewsFeedVC.swift in Sources */,
				5E05AD7423DB0F0200E36AD4 /* UIButton+Extension.swift in Sources */,
				5E05AD7623DB0F1E00E36AD4 /* UIImageView+Extension.swift in Sources */,
				D59718AB23CEA98400117906 /* LoginVC.swift in Sources */,
				5E21445E23C2F8FC0053CFB9 /* Util.swift in Sources */,
				5E05AD6C23DB0E8C00E36AD4 /* CALayer+Extension.swift in Sources */,
				5E0E6A6323E7349600FBC15F /* YourChatTVC.swift in Sources */,
				5E0E6A6023E7345F00FBC15F /* Date+Extension.swift in Sources */,
				5E21446223C2F93B0053CFB9 /* InitVC.swift in Sources */,
				D5EBD78623D0269400C2B7F5 /* NewsFeedVO.swift in Sources */,
				5E05AD6E23DB0EB800E36AD4 /* UIViewController+Extension.swift in Sources */,
				5E0E6A7223E73ECE00FBC15F /* PostVC.swift in Sources */,
				5E05AD7D23DEA5FB00E36AD4 /* MyChatTVC.swift in Sources */,
				D59718AD23CEA98400117906 /* ChattingVC.swift in Sources */,
				D59718A023CEA87B00117906 /* NoticeBoardVO.swift in Sources */,
				5E21443D23C2F8500053CFB9 /* AppDelegate.swift in Sources */,
				D59718AA23CEA98400117906 /* ProfileVC.swift in Sources */,
				5E05AD7A23DB1AC500E36AD4 /* NetworkResult.swift in Sources */,
				5E05AD7223DB0EEA00E36AD4 /* UITextView+Extension.swift in Sources */,
				D597189E23CEA79100117906 /* NoticeBoardVC.swift in Sources */,
				5E05AD7823DB104600E36AD4 /* UIView+Extension.swift in Sources */,
				5E21443F23C2F8500053CFB9 /* SceneDelegate.swift in Sources */,
				5E0E6A6823E7385400FBC15F /* NoticeBoardTVC.swift in Sources */,
				D59718AC23CEA98400117906 /* FeedVC.swift in Sources */,
				D59718A223CEA96700117906 /* NewsFeedCell.swift in Sources */,
				D519844523E325EE001AB351 /* DetailNewsFeedVC.swift in Sources */,
				5E21445A23C2F8E50053CFB9 /* APIConstants.swift in Sources */,
				5E05AD7023DB0ECE00E36AD4 /* UIColor+Extension.swift in Sources */,
			);
			runOnlyForDeploymentPostprocessing = 0;
		};
/* End PBXSourcesBuildPhase section */

/* Begin PBXVariantGroup section */
		5E21444723C2F8560053CFB9 /* LaunchScreen.storyboard */ = {
			isa = PBXVariantGroup;
			children = (
				5E21444823C2F8560053CFB9 /* Base */,
			);
			name = LaunchScreen.storyboard;
			sourceTree = "<group>";
		};
/* End PBXVariantGroup section */

/* Begin XCBuildConfiguration section */
		5E21444B23C2F8560053CFB9 /* Debug */ = {
			isa = XCBuildConfiguration;
			buildSettings = {
				ALWAYS_SEARCH_USER_PATHS = NO;
				CLANG_ANALYZER_NONNULL = YES;
				CLANG_ANALYZER_NUMBER_OBJECT_CONVERSION = YES_AGGRESSIVE;
				CLANG_CXX_LANGUAGE_STANDARD = "gnu++14";
				CLANG_CXX_LIBRARY = "libc++";
				CLANG_ENABLE_MODULES = YES;
				CLANG_ENABLE_OBJC_ARC = YES;
				CLANG_ENABLE_OBJC_WEAK = YES;
				CLANG_WARN_BLOCK_CAPTURE_AUTORELEASING = YES;
				CLANG_WARN_BOOL_CONVERSION = YES;
				CLANG_WARN_COMMA = YES;
				CLANG_WARN_CONSTANT_CONVERSION = YES;
				CLANG_WARN_DEPRECATED_OBJC_IMPLEMENTATIONS = YES;
				CLANG_WARN_DIRECT_OBJC_ISA_USAGE = YES_ERROR;
				CLANG_WARN_DOCUMENTATION_COMMENTS = YES;
				CLANG_WARN_EMPTY_BODY = YES;
				CLANG_WARN_ENUM_CONVERSION = YES;
				CLANG_WARN_INFINITE_RECURSION = YES;
				CLANG_WARN_INT_CONVERSION = YES;
				CLANG_WARN_NON_LITERAL_NULL_CONVERSION = YES;
				CLANG_WARN_OBJC_IMPLICIT_RETAIN_SELF = YES;
				CLANG_WARN_OBJC_LITERAL_CONVERSION = YES;
				CLANG_WARN_OBJC_ROOT_CLASS = YES_ERROR;
				CLANG_WARN_RANGE_LOOP_ANALYSIS = YES;
				CLANG_WARN_STRICT_PROTOTYPES = YES;
				CLANG_WARN_SUSPICIOUS_MOVE = YES;
				CLANG_WARN_UNGUARDED_AVAILABILITY = YES_AGGRESSIVE;
				CLANG_WARN_UNREACHABLE_CODE = YES;
				CLANG_WARN__DUPLICATE_METHOD_MATCH = YES;
				COPY_PHASE_STRIP = NO;
				DEBUG_INFORMATION_FORMAT = dwarf;
				ENABLE_STRICT_OBJC_MSGSEND = YES;
				ENABLE_TESTABILITY = YES;
				GCC_C_LANGUAGE_STANDARD = gnu11;
				GCC_DYNAMIC_NO_PIC = NO;
				GCC_NO_COMMON_BLOCKS = YES;
				GCC_OPTIMIZATION_LEVEL = 0;
				GCC_PREPROCESSOR_DEFINITIONS = (
					"DEBUG=1",
					"$(inherited)",
				);
				GCC_WARN_64_TO_32_BIT_CONVERSION = YES;
				GCC_WARN_ABOUT_RETURN_TYPE = YES_ERROR;
				GCC_WARN_UNDECLARED_SELECTOR = YES;
				GCC_WARN_UNINITIALIZED_AUTOS = YES_AGGRESSIVE;
				GCC_WARN_UNUSED_FUNCTION = YES;
				GCC_WARN_UNUSED_VARIABLE = YES;
				IPHONEOS_DEPLOYMENT_TARGET = 13.2;
				MTL_ENABLE_DEBUG_INFO = INCLUDE_SOURCE;
				MTL_FAST_MATH = YES;
				ONLY_ACTIVE_ARCH = YES;
				SDKROOT = iphoneos;
				SWIFT_ACTIVE_COMPILATION_CONDITIONS = DEBUG;
				SWIFT_OPTIMIZATION_LEVEL = "-Onone";
			};
			name = Debug;
		};
		5E21444C23C2F8560053CFB9 /* Release */ = {
			isa = XCBuildConfiguration;
			buildSettings = {
				ALWAYS_SEARCH_USER_PATHS = NO;
				CLANG_ANALYZER_NONNULL = YES;
				CLANG_ANALYZER_NUMBER_OBJECT_CONVERSION = YES_AGGRESSIVE;
				CLANG_CXX_LANGUAGE_STANDARD = "gnu++14";
				CLANG_CXX_LIBRARY = "libc++";
				CLANG_ENABLE_MODULES = YES;
				CLANG_ENABLE_OBJC_ARC = YES;
				CLANG_ENABLE_OBJC_WEAK = YES;
				CLANG_WARN_BLOCK_CAPTURE_AUTORELEASING = YES;
				CLANG_WARN_BOOL_CONVERSION = YES;
				CLANG_WARN_COMMA = YES;
				CLANG_WARN_CONSTANT_CONVERSION = YES;
				CLANG_WARN_DEPRECATED_OBJC_IMPLEMENTATIONS = YES;
				CLANG_WARN_DIRECT_OBJC_ISA_USAGE = YES_ERROR;
				CLANG_WARN_DOCUMENTATION_COMMENTS = YES;
				CLANG_WARN_EMPTY_BODY = YES;
				CLANG_WARN_ENUM_CONVERSION = YES;
				CLANG_WARN_INFINITE_RECURSION = YES;
				CLANG_WARN_INT_CONVERSION = YES;
				CLANG_WARN_NON_LITERAL_NULL_CONVERSION = YES;
				CLANG_WARN_OBJC_IMPLICIT_RETAIN_SELF = YES;
				CLANG_WARN_OBJC_LITERAL_CONVERSION = YES;
				CLANG_WARN_OBJC_ROOT_CLASS = YES_ERROR;
				CLANG_WARN_RANGE_LOOP_ANALYSIS = YES;
				CLANG_WARN_STRICT_PROTOTYPES = YES;
				CLANG_WARN_SUSPICIOUS_MOVE = YES;
				CLANG_WARN_UNGUARDED_AVAILABILITY = YES_AGGRESSIVE;
				CLANG_WARN_UNREACHABLE_CODE = YES;
				CLANG_WARN__DUPLICATE_METHOD_MATCH = YES;
				COPY_PHASE_STRIP = NO;
				DEBUG_INFORMATION_FORMAT = "dwarf-with-dsym";
				ENABLE_NS_ASSERTIONS = NO;
				ENABLE_STRICT_OBJC_MSGSEND = YES;
				GCC_C_LANGUAGE_STANDARD = gnu11;
				GCC_NO_COMMON_BLOCKS = YES;
				GCC_WARN_64_TO_32_BIT_CONVERSION = YES;
				GCC_WARN_ABOUT_RETURN_TYPE = YES_ERROR;
				GCC_WARN_UNDECLARED_SELECTOR = YES;
				GCC_WARN_UNINITIALIZED_AUTOS = YES_AGGRESSIVE;
				GCC_WARN_UNUSED_FUNCTION = YES;
				GCC_WARN_UNUSED_VARIABLE = YES;
				IPHONEOS_DEPLOYMENT_TARGET = 13.2;
				MTL_ENABLE_DEBUG_INFO = NO;
				MTL_FAST_MATH = YES;
				SDKROOT = iphoneos;
				SWIFT_COMPILATION_MODE = wholemodule;
				SWIFT_OPTIMIZATION_LEVEL = "-O";
				VALIDATE_PRODUCT = YES;
			};
			name = Release;
		};
		5E21444E23C2F8560053CFB9 /* Debug */ = {
			isa = XCBuildConfiguration;
			baseConfigurationReference = 116AAE76128036EFDBA4D11C /* Pods-Nutee.debug.xcconfig */;
			buildSettings = {
				ASSETCATALOG_COMPILER_APPICON_NAME = AppIcon;
				CODE_SIGN_STYLE = Automatic;
				DEVELOPMENT_TEAM = 78A867AHKF;
				INFOPLIST_FILE = "$(SRCROOT)/Nutee/Supporting Files/Info.plist";
				LD_RUNPATH_SEARCH_PATHS = (
					"$(inherited)",
					"@executable_path/Frameworks",
				);
				PRODUCT_BUNDLE_IDENTIFIER = "-anniversary.tistory.com";
				PRODUCT_NAME = "$(TARGET_NAME)";
				SWIFT_VERSION = 5.0;
				TARGETED_DEVICE_FAMILY = 1;
			};
			name = Debug;
		};
		5E21444F23C2F8560053CFB9 /* Release */ = {
			isa = XCBuildConfiguration;
			baseConfigurationReference = EBCC5FADFAEF6F7815A56200 /* Pods-Nutee.release.xcconfig */;
			buildSettings = {
				ASSETCATALOG_COMPILER_APPICON_NAME = AppIcon;
				CODE_SIGN_STYLE = Automatic;
				DEVELOPMENT_TEAM = 78A867AHKF;
				INFOPLIST_FILE = "$(SRCROOT)/Nutee/Supporting Files/Info.plist";
				LD_RUNPATH_SEARCH_PATHS = (
					"$(inherited)",
					"@executable_path/Frameworks",
				);
				PRODUCT_BUNDLE_IDENTIFIER = "-anniversary.tistory.com";
				PRODUCT_NAME = "$(TARGET_NAME)";
				SWIFT_VERSION = 5.0;
				TARGETED_DEVICE_FAMILY = 1;
			};
			name = Release;
		};
/* End XCBuildConfiguration section */

/* Begin XCConfigurationList section */
		5E21443423C2F8500053CFB9 /* Build configuration list for PBXProject "Nutee" */ = {
			isa = XCConfigurationList;
			buildConfigurations = (
				5E21444B23C2F8560053CFB9 /* Debug */,
				5E21444C23C2F8560053CFB9 /* Release */,
			);
			defaultConfigurationIsVisible = 0;
			defaultConfigurationName = Release;
		};
		5E21444D23C2F8560053CFB9 /* Build configuration list for PBXNativeTarget "Nutee" */ = {
			isa = XCConfigurationList;
			buildConfigurations = (
				5E21444E23C2F8560053CFB9 /* Debug */,
				5E21444F23C2F8560053CFB9 /* Release */,
			);
			defaultConfigurationIsVisible = 0;
			defaultConfigurationName = Release;
		};
/* End XCConfigurationList section */
	};
	rootObject = 5E21443123C2F8500053CFB9 /* Project object */;
}
